
Microsoft Visual Studio Solution File, Format Version 12.00
# Visual Studio 15
VisualStudioVersion = 15.0.28307.1433
MinimumVisualStudioVersion = 10.0.40219.1
Project("{FAE04EC0-301F-11D3-BF4B-00C04F79EFBC}") = "App3.Android", "App3\App3.Android\App3.Android.csproj", "{CFDBF543-4009-4344-BDF7-55B216EEE010}"
EndProject
Project("{FAE04EC0-301F-11D3-BF4B-00C04F79EFBC}") = "App3.iOS", "App3\App3.iOS\App3.iOS.csproj", "{F8EA9B3F-589A-46DD-881F-3F454C67ACA9}"
EndProject
Project("{FAE04EC0-301F-11D3-BF4B-00C04F79EFBC}") = "App3", "App3\App3\App3.csproj", "{DE170A23-D14A-4304-A471-51BB4F001141}"
EndProject
Global
	GlobalSection(SolutionConfigurationPlatforms) = preSolution
		Ad-Hoc|Any CPU = Ad-Hoc|Any CPU
		Ad-Hoc|iPhone = Ad-Hoc|iPhone
		Ad-Hoc|iPhoneSimulator = Ad-Hoc|iPhoneSimulator
		AppStore|Any CPU = AppStore|Any CPU
		AppStore|iPhone = AppStore|iPhone
		AppStore|iPhoneSimulator = AppStore|iPhoneSimulator
		Debug|Any CPU = Debug|Any CPU
		Debug|iPhone = Debug|iPhone
		Debug|iPhoneSimulator = Debug|iPhoneSimulator
		Release|Any CPU = Release|Any CPU
		Release|iPhone = Release|iPhone
		Release|iPhoneSimulator = Release|iPhoneSimulator
	EndGlobalSection
	GlobalSection(ProjectConfigurationPlatforms) = postSolution
		{CFDBF543-4009-4344-BDF7-55B216EEE010}.Ad-Hoc|Any CPU.ActiveCfg = Release|Any CPU
		{CFDBF543-4009-4344-BDF7-55B216EEE010}.Ad-Hoc|Any CPU.Build.0 = Release|Any CPU
		{CFDBF543-4009-4344-BDF7-55B216EEE010}.Ad-Hoc|Any CPU.Deploy.0 = Release|Any CPU
		{CFDBF543-4009-4344-BDF7-55B216EEE010}.Ad-Hoc|iPhone.ActiveCfg = Release|Any CPU
		{CFDBF543-4009-4344-BDF7-55B216EEE010}.Ad-Hoc|iPhone.Build.0 = Release|Any CPU
		{CFDBF543-4009-4344-BDF7-55B216EEE010}.Ad-Hoc|iPhone.Deploy.0 = Release|Any CPU
		{CFDBF543-4009-4344-BDF7-55B216EEE010}.Ad-Hoc|iPhoneSimulator.ActiveCfg = Release|Any CPU
		{CFDBF543-4009-4344-BDF7-55B216EEE010}.Ad-Hoc|iPhoneSimulator.Build.0 = Release|Any CPU
		{CFDBF543-4009-4344-BDF7-55B216EEE010}.Ad-Hoc|iPhoneSimulator.Deploy.0 = Release|Any CPU
		{CFDBF543-4009-4344-BDF7-55B216EEE010}.AppStore|Any CPU.ActiveCfg = Release|Any CPU
		{CFDBF543-4009-4344-BDF7-55B216EEE010}.AppStore|Any CPU.Build.0 = Release|Any CPU
		{CFDBF543-4009-4344-BDF7-55B216EEE010}.AppStore|Any CPU.Deploy.0 = Release|Any CPU
		{CFDBF543-4009-4344-BDF7-55B216EEE010}.AppStore|iPhone.ActiveCfg = Release|Any CPU
		{CFDBF543-4009-4344-BDF7-55B216EEE010}.AppStore|iPhone.Build.0 = Release|Any CPU
		{CFDBF543-4009-4344-BDF7-55B216EEE010}.AppStore|iPhone.Deploy.0 = Release|Any CPU
		{CFDBF543-4009-4344-BDF7-55B216EEE010}.AppStore|iPhoneSimulator.ActiveCfg = Release|Any CPU
		{CFDBF543-4009-4344-BDF7-55B216EEE010}.AppStore|iPhoneSimulator.Build.0 = Release|Any CPU
		{CFDBF543-4009-4344-BDF7-55B216EEE010}.AppStore|iPhoneSimulator.Deploy.0 = Release|Any CPU
		{CFDBF543-4009-4344-BDF7-55B216EEE010}.Debug|Any CPU.ActiveCfg = Debug|Any CPU
		{CFDBF543-4009-4344-BDF7-55B216EEE010}.Debug|Any CPU.Build.0 = Debug|Any CPU
		{CFDBF543-4009-4344-BDF7-55B216EEE010}.Debug|Any CPU.Deploy.0 = Debug|Any CPU
		{CFDBF543-4009-4344-BDF7-55B216EEE010}.Debug|iPhone.ActiveCfg = Debug|Any CPU
		{CFDBF543-4009-4344-BDF7-55B216EEE010}.Debug|iPhone.Build.0 = Debug|Any CPU
		{CFDBF543-4009-4344-BDF7-55B216EEE010}.Debug|iPhone.Deploy.0 = Debug|Any CPU
		{CFDBF543-4009-4344-BDF7-55B216EEE010}.Debug|iPhoneSimulator.ActiveCfg = Debug|Any CPU
		{CFDBF543-4009-4344-BDF7-55B216EEE010}.Debug|iPhoneSimulator.Build.0 = Debug|Any CPU
		{CFDBF543-4009-4344-BDF7-55B216EEE010}.Debug|iPhoneSimulator.Deploy.0 = Debug|Any CPU
		{CFDBF543-4009-4344-BDF7-55B216EEE010}.Release|Any CPU.ActiveCfg = Release|Any CPU
		{CFDBF543-4009-4344-BDF7-55B216EEE010}.Release|Any CPU.Build.0 = Release|Any CPU
		{CFDBF543-4009-4344-BDF7-55B216EEE010}.Release|Any CPU.Deploy.0 = Release|Any CPU
		{CFDBF543-4009-4344-BDF7-55B216EEE010}.Release|iPhone.ActiveCfg = Release|Any CPU
		{CFDBF543-4009-4344-BDF7-55B216EEE010}.Release|iPhone.Build.0 = Release|Any CPU
		{CFDBF543-4009-4344-BDF7-55B216EEE010}.Release|iPhone.Deploy.0 = Release|Any CPU
		{CFDBF543-4009-4344-BDF7-55B216EEE010}.Release|iPhoneSimulator.ActiveCfg = Release|Any CPU
		{CFDBF543-4009-4344-BDF7-55B216EEE010}.Release|iPhoneSimulator.Build.0 = Release|Any CPU
		{CFDBF543-4009-4344-BDF7-55B216EEE010}.Release|iPhoneSimulator.Deploy.0 = Release|Any CPU
		{F8EA9B3F-589A-46DD-881F-3F454C67ACA9}.Ad-Hoc|Any CPU.ActiveCfg = Ad-Hoc|iPhone
		{F8EA9B3F-589A-46DD-881F-3F454C67ACA9}.Ad-Hoc|Any CPU.Build.0 = Ad-Hoc|iPhone
		{F8EA9B3F-589A-46DD-881F-3F454C67ACA9}.Ad-Hoc|Any CPU.Deploy.0 = Ad-Hoc|iPhone
		{F8EA9B3F-589A-46DD-881F-3F454C67ACA9}.Ad-Hoc|iPhone.ActiveCfg = Ad-Hoc|iPhone
		{F8EA9B3F-589A-46DD-881F-3F454C67ACA9}.Ad-Hoc|iPhone.Build.0 = Ad-Hoc|iPhone
		{F8EA9B3F-589A-46DD-881F-3F454C67ACA9}.Ad-Hoc|iPhone.Deploy.0 = Ad-Hoc|iPhone
		{F8EA9B3F-589A-46DD-881F-3F454C67ACA9}.Ad-Hoc|iPhoneSimulator.ActiveCfg = Ad-Hoc|iPhoneSimulator
		{F8EA9B3F-589A-46DD-881F-3F454C67ACA9}.Ad-Hoc|iPhoneSimulator.Build.0 = Ad-Hoc|iPhoneSimulator
		{F8EA9B3F-589A-46DD-881F-3F454C67ACA9}.Ad-Hoc|iPhoneSimulator.Deploy.0 = Ad-Hoc|iPhoneSimulator
		{F8EA9B3F-589A-46DD-881F-3F454C67ACA9}.AppStore|Any CPU.ActiveCfg = AppStore|iPhone
		{F8EA9B3F-589A-46DD-881F-3F454C67ACA9}.AppStore|Any CPU.Build.0 = AppStore|iPhone
		{F8EA9B3F-589A-46DD-881F-3F454C67ACA9}.AppStore|Any CPU.Deploy.0 = AppStore|iPhone
		{F8EA9B3F-589A-46DD-881F-3F454C67ACA9}.AppStore|iPhone.ActiveCfg = AppStore|iPhone
		{F8EA9B3F-589A-46DD-881F-3F454C67ACA9}.AppStore|iPhone.Build.0 = AppStore|iPhone
		{F8EA9B3F-589A-46DD-881F-3F454C67ACA9}.AppStore|iPhone.Deploy.0 = AppStore|iPhone
		{F8EA9B3F-589A-46DD-881F-3F454C67ACA9}.AppStore|iPhoneSimulator.ActiveCfg = AppStore|iPhoneSimulator
		{F8EA9B3F-589A-46DD-881F-3F454C67ACA9}.AppStore|iPhoneSimulator.Build.0 = AppStore|iPhoneSimulator
		{F8EA9B3F-589A-46DD-881F-3F454C67ACA9}.AppStore|iPhoneSimulator.Deploy.0 = AppStore|iPhoneSimulator
		{F8EA9B3F-589A-46DD-881F-3F454C67ACA9}.Debug|Any CPU.ActiveCfg = Debug|iPhoneSimulator
		{F8EA9B3F-589A-46DD-881F-3F454C67ACA9}.Debug|Any CPU.Build.0 = Debug|iPhoneSimulator
		{F8EA9B3F-589A-46DD-881F-3F454C67ACA9}.Debug|Any CPU.Deploy.0 = Debug|iPhoneSimulator
		{F8EA9B3F-589A-46DD-881F-3F454C67ACA9}.Debug|iPhone.ActiveCfg = Debug|iPhone
		{F8EA9B3F-589A-46DD-881F-3F454C67ACA9}.Debug|iPhone.Build.0 = Debug|iPhone
		{F8EA9B3F-589A-46DD-881F-3F454C67ACA9}.Debug|iPhone.Deploy.0 = Debug|iPhone
		{F8EA9B3F-589A-46DD-881F-3F454C67ACA9}.Debug|iPhoneSimulator.ActiveCfg = Debug|iPhoneSimulator
		{F8EA9B3F-589A-46DD-881F-3F454C67ACA9}.Debug|iPhoneSimulator.Build.0 = Debug|iPhoneSimulator
		{F8EA9B3F-589A-46DD-881F-3F454C67ACA9}.Debug|iPhoneSimulator.Deploy.0 = Debug|iPhoneSimulator
		{F8EA9B3F-589A-46DD-881F-3F454C67ACA9}.Release|Any CPU.ActiveCfg = Release|iPhone
		{F8EA9B3F-589A-46DD-881F-3F454C67ACA9}.Release|Any CPU.Build.0 = Release|iPhone
		{F8EA9B3F-589A-46DD-881F-3F454C67ACA9}.Release|Any CPU.Deploy.0 = Release|iPhone
		{F8EA9B3F-589A-46DD-881F-3F454C67ACA9}.Release|iPhone.ActiveCfg = Release|iPhone
		{F8EA9B3F-589A-46DD-881F-3F454C67ACA9}.Release|iPhone.Build.0 = Release|iPhone
		{F8EA9B3F-589A-46DD-881F-3F454C67ACA9}.Release|iPhone.Deploy.0 = Release|iPhone
		{F8EA9B3F-589A-46DD-881F-3F454C67ACA9}.Release|iPhoneSimulator.ActiveCfg = Release|iPhoneSimulator
		{F8EA9B3F-589A-46DD-881F-3F454C67ACA9}.Release|iPhoneSimulator.Build.0 = Release|iPhoneSimulator
		{F8EA9B3F-589A-46DD-881F-3F454C67ACA9}.Release|iPhoneSimulator.Deploy.0 = Release|iPhoneSimulator
		{DE170A23-D14A-4304-A471-51BB4F001141}.Ad-Hoc|Any CPU.ActiveCfg = Debug|Any CPU
		{DE170A23-D14A-4304-A471-51BB4F001141}.Ad-Hoc|Any CPU.Build.0 = Debug|Any CPU
		{DE170A23-D14A-4304-A471-51BB4F001141}.Ad-Hoc|Any CPU.Deploy.0 = Debug|Any CPU
		{DE170A23-D14A-4304-A471-51BB4F001141}.Ad-Hoc|iPhone.ActiveCfg = Debug|Any CPU
		{DE170A23-D14A-4304-A471-51BB4F001141}.Ad-Hoc|iPhone.Build.0 = Debug|Any CPU
		{DE170A23-D14A-4304-A471-51BB4F001141}.Ad-Hoc|iPhone.Deploy.0 = Debug|Any CPU
		{DE170A23-D14A-4304-A471-51BB4F001141}.Ad-Hoc|iPhoneSimulator.ActiveCfg = Debug|Any CPU
		{DE170A23-D14A-4304-A471-51BB4F001141}.Ad-Hoc|iPhoneSimulator.Build.0 = Debug|Any CPU
		{DE170A23-D14A-4304-A471-51BB4F001141}.Ad-Hoc|iPhoneSimulator.Deploy.0 = Debug|Any CPU
		{DE170A23-D14A-4304-A471-51BB4F001141}.AppStore|Any CPU.ActiveCfg = Debug|Any CPU
		{DE170A23-D14A-4304-A471-51BB4F001141}.AppStore|Any CPU.Build.0 = Debug|Any CPU
		{DE170A23-D14A-4304-A471-51BB4F001141}.AppStore|Any CPU.Deploy.0 = Debug|Any CPU
		{DE170A23-D14A-4304-A471-51BB4F001141}.AppStore|iPhone.ActiveCfg = Debug|Any CPU
		{DE170A23-D14A-4304-A471-51BB4F001141}.AppStore|iPhone.Build.0 = Debug|Any CPU
		{DE170A23-D14A-4304-A471-51BB4F001141}.AppStore|iPhone.Deploy.0 = Debug|Any CPU
		{DE170A23-D14A-4304-A471-51BB4F001141}.AppStore|iPhoneSimulator.ActiveCfg = Debug|Any CPU
		{DE170A23-D14A-4304-A471-51BB4F001141}.AppStore|iPhoneSimulator.Build.0 = Debug|Any CPU
		{DE170A23-D14A-4304-A471-51BB4F001141}.AppStore|iPhoneSimulator.Deploy.0 = Debug|Any CPU
		{DE170A23-D14A-4304-A471-51BB4F001141}.Debug|Any CPU.ActiveCfg = Debug|Any CPU
		{DE170A23-D14A-4304-A471-51BB4F001141}.Debug|Any CPU.Build.0 = Debug|Any CPU
		{DE170A23-D14A-4304-A471-51BB4F001141}.Debug|Any CPU.Deploy.0 = Debug|Any CPU
		{DE170A23-D14A-4304-A471-51BB4F001141}.Debug|iPhone.ActiveCfg = Debug|Any CPU
		{DE170A23-D14A-4304-A471-51BB4F001141}.Debug|iPhone.Build.0 = Debug|Any CPU
		{DE170A23-D14A-4304-A471-51BB4F001141}.Debug|iPhone.Deploy.0 = Debug|Any CPU
		{DE170A23-D14A-4304-A471-51BB4F001141}.Debug|iPhoneSimulator.ActiveCfg = Debug|Any CPU
		{DE170A23-D14A-4304-A471-51BB4F001141}.Debug|iPhoneSimulator.Build.0 = Debug|Any CPU
		{DE170A23-D14A-4304-A471-51BB4F001141}.Debug|iPhoneSimulator.Deploy.0 = Debug|Any CPU
		{DE170A23-D14A-4304-A471-51BB4F001141}.Release|Any CPU.ActiveCfg = Release|Any CPU
		{DE170A23-D14A-4304-A471-51BB4F001141}.Release|Any CPU.Build.0 = Release|Any CPU
		{DE170A23-D14A-4304-A471-51BB4F001141}.Release|Any CPU.Deploy.0 = Release|Any CPU
		{DE170A23-D14A-4304-A471-51BB4F001141}.Release|iPhone.ActiveCfg = Release|Any CPU
		{DE170A23-D14A-4304-A471-51BB4F001141}.Release|iPhone.Build.0 = Release|Any CPU
		{DE170A23-D14A-4304-A471-51BB4F001141}.Release|iPhone.Deploy.0 = Release|Any CPU
		{DE170A23-D14A-4304-A471-51BB4F001141}.Release|iPhoneSimulator.ActiveCfg = Release|Any CPU
		{DE170A23-D14A-4304-A471-51BB4F001141}.Release|iPhoneSimulator.Build.0 = Release|Any CPU
		{DE170A23-D14A-4304-A471-51BB4F001141}.Release|iPhoneSimulator.Deploy.0 = Release|Any CPU
	EndGlobalSection
	GlobalSection(SolutionProperties) = preSolution
		HideSolutionNode = FALSE
	EndGlobalSection
	GlobalSection(ExtensibilityGlobals) = postSolution
		SolutionGuid = {21EB515E-8027-49F6-8298-1BD567835FA0}
	EndGlobalSection
EndGlobal
