
Microsoft Visual Studio Solution File, Format Version 12.00
# Visual Studio 15
VisualStudioVersion = 15.0.28307.1433
MinimumVisualStudioVersion = 10.0.40219.1
Project("{FAE04EC0-301F-11D3-BF4B-00C04F79EFBC}") = "App4.Android", "App4\App4.Android\App4.Android.csproj", "{0FCC798A-1EB1-4664-A772-EDFCF8C71739}"
EndProject
Project("{FAE04EC0-301F-11D3-BF4B-00C04F79EFBC}") = "App4.iOS", "App4\App4.iOS\App4.iOS.csproj", "{7FDC4E9C-12BD-4EA7-8E2F-73E0F45F048B}"
EndProject
Project("{FAE04EC0-301F-11D3-BF4B-00C04F79EFBC}") = "App4", "App4\App4\App4.csproj", "{4862CEE3-060C-493B-8F60-D10E59E8F615}"
EndProject
Project("{FAE04EC0-301F-11D3-BF4B-00C04F79EFBC}") = "ConsoleApp3", "ConsoleApp3\ConsoleApp3.csproj", "{0268A560-AC8C-4C94-B063-4ADA1189DE57}"
EndProject
Project("{9A19103F-16F7-4668-BE54-9A1E7A4F7556}") = "StringLibrary", "..\StringLibrary\StringLibrary.csproj", "{A2759407-A165-4754-8CB8-CFE14587961D}"
EndProject
Global
	GlobalSection(SolutionConfigurationPlatforms) = preSolution
		Ad-Hoc|Any CPU = Ad-Hoc|Any CPU
		Ad-Hoc|iPhone = Ad-Hoc|iPhone
		Ad-Hoc|iPhoneSimulator = Ad-Hoc|iPhoneSimulator
		AppStore|Any CPU = AppStore|Any CPU
		AppStore|iPhone = AppStore|iPhone
		AppStore|iPhoneSimulator = AppStore|iPhoneSimulator
		Debug|Any CPU = Debug|Any CPU
		Debug|iPhone = Debug|iPhone
		Debug|iPhoneSimulator = Debug|iPhoneSimulator
		Release|Any CPU = Release|Any CPU
		Release|iPhone = Release|iPhone
		Release|iPhoneSimulator = Release|iPhoneSimulator
	EndGlobalSection
	GlobalSection(ProjectConfigurationPlatforms) = postSolution
		{0FCC798A-1EB1-4664-A772-EDFCF8C71739}.Ad-Hoc|Any CPU.ActiveCfg = Release|Any CPU
		{0FCC798A-1EB1-4664-A772-EDFCF8C71739}.Ad-Hoc|Any CPU.Build.0 = Release|Any CPU
		{0FCC798A-1EB1-4664-A772-EDFCF8C71739}.Ad-Hoc|Any CPU.Deploy.0 = Release|Any CPU
		{0FCC798A-1EB1-4664-A772-EDFCF8C71739}.Ad-Hoc|iPhone.ActiveCfg = Release|Any CPU
		{0FCC798A-1EB1-4664-A772-EDFCF8C71739}.Ad-Hoc|iPhone.Build.0 = Release|Any CPU
		{0FCC798A-1EB1-4664-A772-EDFCF8C71739}.Ad-Hoc|iPhone.Deploy.0 = Release|Any CPU
		{0FCC798A-1EB1-4664-A772-EDFCF8C71739}.Ad-Hoc|iPhoneSimulator.ActiveCfg = Release|Any CPU
		{0FCC798A-1EB1-4664-A772-EDFCF8C71739}.Ad-Hoc|iPhoneSimulator.Build.0 = Release|Any CPU
		{0FCC798A-1EB1-4664-A772-EDFCF8C71739}.Ad-Hoc|iPhoneSimulator.Deploy.0 = Release|Any CPU
		{0FCC798A-1EB1-4664-A772-EDFCF8C71739}.AppStore|Any CPU.ActiveCfg = Release|Any CPU
		{0FCC798A-1EB1-4664-A772-EDFCF8C71739}.AppStore|Any CPU.Build.0 = Release|Any CPU
		{0FCC798A-1EB1-4664-A772-EDFCF8C71739}.AppStore|Any CPU.Deploy.0 = Release|Any CPU
		{0FCC798A-1EB1-4664-A772-EDFCF8C71739}.AppStore|iPhone.ActiveCfg = Release|Any CPU
		{0FCC798A-1EB1-4664-A772-EDFCF8C71739}.AppStore|iPhone.Build.0 = Release|Any CPU
		{0FCC798A-1EB1-4664-A772-EDFCF8C71739}.AppStore|iPhone.Deploy.0 = Release|Any CPU
		{0FCC798A-1EB1-4664-A772-EDFCF8C71739}.AppStore|iPhoneSimulator.ActiveCfg = Release|Any CPU
		{0FCC798A-1EB1-4664-A772-EDFCF8C71739}.AppStore|iPhoneSimulator.Build.0 = Release|Any CPU
		{0FCC798A-1EB1-4664-A772-EDFCF8C71739}.AppStore|iPhoneSimulator.Deploy.0 = Release|Any CPU
		{0FCC798A-1EB1-4664-A772-EDFCF8C71739}.Debug|Any CPU.ActiveCfg = Debug|Any CPU
		{0FCC798A-1EB1-4664-A772-EDFCF8C71739}.Debug|Any CPU.Build.0 = Debug|Any CPU
		{0FCC798A-1EB1-4664-A772-EDFCF8C71739}.Debug|Any CPU.Deploy.0 = Debug|Any CPU
		{0FCC798A-1EB1-4664-A772-EDFCF8C71739}.Debug|iPhone.ActiveCfg = Debug|Any CPU
		{0FCC798A-1EB1-4664-A772-EDFCF8C71739}.Debug|iPhone.Build.0 = Debug|Any CPU
		{0FCC798A-1EB1-4664-A772-EDFCF8C71739}.Debug|iPhone.Deploy.0 = Debug|Any CPU
		{0FCC798A-1EB1-4664-A772-EDFCF8C71739}.Debug|iPhoneSimulator.ActiveCfg = Debug|Any CPU
		{0FCC798A-1EB1-4664-A772-EDFCF8C71739}.Debug|iPhoneSimulator.Build.0 = Debug|Any CPU
		{0FCC798A-1EB1-4664-A772-EDFCF8C71739}.Debug|iPhoneSimulator.Deploy.0 = Debug|Any CPU
		{0FCC798A-1EB1-4664-A772-EDFCF8C71739}.Release|Any CPU.ActiveCfg = Release|Any CPU
		{0FCC798A-1EB1-4664-A772-EDFCF8C71739}.Release|Any CPU.Build.0 = Release|Any CPU
		{0FCC798A-1EB1-4664-A772-EDFCF8C71739}.Release|Any CPU.Deploy.0 = Release|Any CPU
		{0FCC798A-1EB1-4664-A772-EDFCF8C71739}.Release|iPhone.ActiveCfg = Release|Any CPU
		{0FCC798A-1EB1-4664-A772-EDFCF8C71739}.Release|iPhone.Build.0 = Release|Any CPU
		{0FCC798A-1EB1-4664-A772-EDFCF8C71739}.Release|iPhone.Deploy.0 = Release|Any CPU
		{0FCC798A-1EB1-4664-A772-EDFCF8C71739}.Release|iPhoneSimulator.ActiveCfg = Release|Any CPU
		{0FCC798A-1EB1-4664-A772-EDFCF8C71739}.Release|iPhoneSimulator.Build.0 = Release|Any CPU
		{0FCC798A-1EB1-4664-A772-EDFCF8C71739}.Release|iPhoneSimulator.Deploy.0 = Release|Any CPU
		{7FDC4E9C-12BD-4EA7-8E2F-73E0F45F048B}.Ad-Hoc|Any CPU.ActiveCfg = Ad-Hoc|iPhone
		{7FDC4E9C-12BD-4EA7-8E2F-73E0F45F048B}.Ad-Hoc|Any CPU.Build.0 = Ad-Hoc|iPhone
		{7FDC4E9C-12BD-4EA7-8E2F-73E0F45F048B}.Ad-Hoc|Any CPU.Deploy.0 = Ad-Hoc|iPhone
		{7FDC4E9C-12BD-4EA7-8E2F-73E0F45F048B}.Ad-Hoc|iPhone.ActiveCfg = Ad-Hoc|iPhone
		{7FDC4E9C-12BD-4EA7-8E2F-73E0F45F048B}.Ad-Hoc|iPhone.Build.0 = Ad-Hoc|iPhone
		{7FDC4E9C-12BD-4EA7-8E2F-73E0F45F048B}.Ad-Hoc|iPhone.Deploy.0 = Ad-Hoc|iPhone
		{7FDC4E9C-12BD-4EA7-8E2F-73E0F45F048B}.Ad-Hoc|iPhoneSimulator.ActiveCfg = Ad-Hoc|iPhoneSimulator
		{7FDC4E9C-12BD-4EA7-8E2F-73E0F45F048B}.Ad-Hoc|iPhoneSimulator.Build.0 = Ad-Hoc|iPhoneSimulator
		{7FDC4E9C-12BD-4EA7-8E2F-73E0F45F048B}.Ad-Hoc|iPhoneSimulator.Deploy.0 = Ad-Hoc|iPhoneSimulator
		{7FDC4E9C-12BD-4EA7-8E2F-73E0F45F048B}.AppStore|Any CPU.ActiveCfg = AppStore|iPhone
		{7FDC4E9C-12BD-4EA7-8E2F-73E0F45F048B}.AppStore|Any CPU.Build.0 = AppStore|iPhone
		{7FDC4E9C-12BD-4EA7-8E2F-73E0F45F048B}.AppStore|Any CPU.Deploy.0 = AppStore|iPhone
		{7FDC4E9C-12BD-4EA7-8E2F-73E0F45F048B}.AppStore|iPhone.ActiveCfg = AppStore|iPhone
		{7FDC4E9C-12BD-4EA7-8E2F-73E0F45F048B}.AppStore|iPhone.Build.0 = AppStore|iPhone
		{7FDC4E9C-12BD-4EA7-8E2F-73E0F45F048B}.AppStore|iPhone.Deploy.0 = AppStore|iPhone
		{7FDC4E9C-12BD-4EA7-8E2F-73E0F45F048B}.AppStore|iPhoneSimulator.ActiveCfg = AppStore|iPhoneSimulator
		{7FDC4E9C-12BD-4EA7-8E2F-73E0F45F048B}.AppStore|iPhoneSimulator.Build.0 = AppStore|iPhoneSimulator
		{7FDC4E9C-12BD-4EA7-8E2F-73E0F45F048B}.AppStore|iPhoneSimulator.Deploy.0 = AppStore|iPhoneSimulator
		{7FDC4E9C-12BD-4EA7-8E2F-73E0F45F048B}.Debug|Any CPU.ActiveCfg = Debug|iPhoneSimulator
		{7FDC4E9C-12BD-4EA7-8E2F-73E0F45F048B}.Debug|Any CPU.Build.0 = Debug|iPhoneSimulator
		{7FDC4E9C-12BD-4EA7-8E2F-73E0F45F048B}.Debug|Any CPU.Deploy.0 = Debug|iPhoneSimulator
		{7FDC4E9C-12BD-4EA7-8E2F-73E0F45F048B}.Debug|iPhone.ActiveCfg = Debug|iPhone
		{7FDC4E9C-12BD-4EA7-8E2F-73E0F45F048B}.Debug|iPhone.Build.0 = Debug|iPhone
		{7FDC4E9C-12BD-4EA7-8E2F-73E0F45F048B}.Debug|iPhone.Deploy.0 = Debug|iPhone
		{7FDC4E9C-12BD-4EA7-8E2F-73E0F45F048B}.Debug|iPhoneSimulator.ActiveCfg = Debug|iPhoneSimulator
		{7FDC4E9C-12BD-4EA7-8E2F-73E0F45F048B}.Debug|iPhoneSimulator.Build.0 = Debug|iPhoneSimulator
		{7FDC4E9C-12BD-4EA7-8E2F-73E0F45F048B}.Debug|iPhoneSimulator.Deploy.0 = Debug|iPhoneSimulator
		{7FDC4E9C-12BD-4EA7-8E2F-73E0F45F048B}.Release|Any CPU.ActiveCfg = Release|iPhone
		{7FDC4E9C-12BD-4EA7-8E2F-73E0F45F048B}.Release|Any CPU.Build.0 = Release|iPhone
		{7FDC4E9C-12BD-4EA7-8E2F-73E0F45F048B}.Release|Any CPU.Deploy.0 = Release|iPhone
		{7FDC4E9C-12BD-4EA7-8E2F-73E0F45F048B}.Release|iPhone.ActiveCfg = Release|iPhone
		{7FDC4E9C-12BD-4EA7-8E2F-73E0F45F048B}.Release|iPhone.Build.0 = Release|iPhone
		{7FDC4E9C-12BD-4EA7-8E2F-73E0F45F048B}.Release|iPhone.Deploy.0 = Release|iPhone
		{7FDC4E9C-12BD-4EA7-8E2F-73E0F45F048B}.Release|iPhoneSimulator.ActiveCfg = Release|iPhoneSimulator
		{7FDC4E9C-12BD-4EA7-8E2F-73E0F45F048B}.Release|iPhoneSimulator.Build.0 = Release|iPhoneSimulator
		{7FDC4E9C-12BD-4EA7-8E2F-73E0F45F048B}.Release|iPhoneSimulator.Deploy.0 = Release|iPhoneSimulator
		{4862CEE3-060C-493B-8F60-D10E59E8F615}.Ad-Hoc|Any CPU.ActiveCfg = Debug|Any CPU
		{4862CEE3-060C-493B-8F60-D10E59E8F615}.Ad-Hoc|Any CPU.Build.0 = Debug|Any CPU
		{4862CEE3-060C-493B-8F60-D10E59E8F615}.Ad-Hoc|Any CPU.Deploy.0 = Debug|Any CPU
		{4862CEE3-060C-493B-8F60-D10E59E8F615}.Ad-Hoc|iPhone.ActiveCfg = Debug|Any CPU
		{4862CEE3-060C-493B-8F60-D10E59E8F615}.Ad-Hoc|iPhone.Build.0 = Debug|Any CPU
		{4862CEE3-060C-493B-8F60-D10E59E8F615}.Ad-Hoc|iPhone.Deploy.0 = Debug|Any CPU
		{4862CEE3-060C-493B-8F60-D10E59E8F615}.Ad-Hoc|iPhoneSimulator.ActiveCfg = Debug|Any CPU
		{4862CEE3-060C-493B-8F60-D10E59E8F615}.Ad-Hoc|iPhoneSimulator.Build.0 = Debug|Any CPU
		{4862CEE3-060C-493B-8F60-D10E59E8F615}.Ad-Hoc|iPhoneSimulator.Deploy.0 = Debug|Any CPU
		{4862CEE3-060C-493B-8F60-D10E59E8F615}.AppStore|Any CPU.ActiveCfg = Debug|Any CPU
		{4862CEE3-060C-493B-8F60-D10E59E8F615}.AppStore|Any CPU.Build.0 = Debug|Any CPU
		{4862CEE3-060C-493B-8F60-D10E59E8F615}.AppStore|Any CPU.Deploy.0 = Debug|Any CPU
		{4862CEE3-060C-493B-8F60-D10E59E8F615}.AppStore|iPhone.ActiveCfg = Debug|Any CPU
		{4862CEE3-060C-493B-8F60-D10E59E8F615}.AppStore|iPhone.Build.0 = Debug|Any CPU
		{4862CEE3-060C-493B-8F60-D10E59E8F615}.AppStore|iPhone.Deploy.0 = Debug|Any CPU
		{4862CEE3-060C-493B-8F60-D10E59E8F615}.AppStore|iPhoneSimulator.ActiveCfg = Debug|Any CPU
		{4862CEE3-060C-493B-8F60-D10E59E8F615}.AppStore|iPhoneSimulator.Build.0 = Debug|Any CPU
		{4862CEE3-060C-493B-8F60-D10E59E8F615}.AppStore|iPhoneSimulator.Deploy.0 = Debug|Any CPU
		{4862CEE3-060C-493B-8F60-D10E59E8F615}.Debug|Any CPU.ActiveCfg = Debug|Any CPU
		{4862CEE3-060C-493B-8F60-D10E59E8F615}.Debug|Any CPU.Build.0 = Debug|Any CPU
		{4862CEE3-060C-493B-8F60-D10E59E8F615}.Debug|Any CPU.Deploy.0 = Debug|Any CPU
		{4862CEE3-060C-493B-8F60-D10E59E8F615}.Debug|iPhone.ActiveCfg = Debug|Any CPU
		{4862CEE3-060C-493B-8F60-D10E59E8F615}.Debug|iPhone.Build.0 = Debug|Any CPU
		{4862CEE3-060C-493B-8F60-D10E59E8F615}.Debug|iPhone.Deploy.0 = Debug|Any CPU
		{4862CEE3-060C-493B-8F60-D10E59E8F615}.Debug|iPhoneSimulator.ActiveCfg = Debug|Any CPU
		{4862CEE3-060C-493B-8F60-D10E59E8F615}.Debug|iPhoneSimulator.Build.0 = Debug|Any CPU
		{4862CEE3-060C-493B-8F60-D10E59E8F615}.Debug|iPhoneSimulator.Deploy.0 = Debug|Any CPU
		{4862CEE3-060C-493B-8F60-D10E59E8F615}.Release|Any CPU.ActiveCfg = Release|Any CPU
		{4862CEE3-060C-493B-8F60-D10E59E8F615}.Release|Any CPU.Build.0 = Release|Any CPU
		{4862CEE3-060C-493B-8F60-D10E59E8F615}.Release|Any CPU.Deploy.0 = Release|Any CPU
		{4862CEE3-060C-493B-8F60-D10E59E8F615}.Release|iPhone.ActiveCfg = Release|Any CPU
		{4862CEE3-060C-493B-8F60-D10E59E8F615}.Release|iPhone.Build.0 = Release|Any CPU
		{4862CEE3-060C-493B-8F60-D10E59E8F615}.Release|iPhone.Deploy.0 = Release|Any CPU
		{4862CEE3-060C-493B-8F60-D10E59E8F615}.Release|iPhoneSimulator.ActiveCfg = Release|Any CPU
		{4862CEE3-060C-493B-8F60-D10E59E8F615}.Release|iPhoneSimulator.Build.0 = Release|Any CPU
		{4862CEE3-060C-493B-8F60-D10E59E8F615}.Release|iPhoneSimulator.Deploy.0 = Release|Any CPU
		{0268A560-AC8C-4C94-B063-4ADA1189DE57}.Ad-Hoc|Any CPU.ActiveCfg = Release|Any CPU
		{0268A560-AC8C-4C94-B063-4ADA1189DE57}.Ad-Hoc|Any CPU.Build.0 = Release|Any CPU
		{0268A560-AC8C-4C94-B063-4ADA1189DE57}.Ad-Hoc|iPhone.ActiveCfg = Release|Any CPU
		{0268A560-AC8C-4C94-B063-4ADA1189DE57}.Ad-Hoc|iPhone.Build.0 = Release|Any CPU
		{0268A560-AC8C-4C94-B063-4ADA1189DE57}.Ad-Hoc|iPhoneSimulator.ActiveCfg = Release|Any CPU
		{0268A560-AC8C-4C94-B063-4ADA1189DE57}.Ad-Hoc|iPhoneSimulator.Build.0 = Release|Any CPU
		{0268A560-AC8C-4C94-B063-4ADA1189DE57}.AppStore|Any CPU.ActiveCfg = Release|Any CPU
		{0268A560-AC8C-4C94-B063-4ADA1189DE57}.AppStore|Any CPU.Build.0 = Release|Any CPU
		{0268A560-AC8C-4C94-B063-4ADA1189DE57}.AppStore|iPhone.ActiveCfg = Release|Any CPU
		{0268A560-AC8C-4C94-B063-4ADA1189DE57}.AppStore|iPhone.Build.0 = Release|Any CPU
		{0268A560-AC8C-4C94-B063-4ADA1189DE57}.AppStore|iPhoneSimulator.ActiveCfg = Release|Any CPU
		{0268A560-AC8C-4C94-B063-4ADA1189DE57}.AppStore|iPhoneSimulator.Build.0 = Release|Any CPU
		{0268A560-AC8C-4C94-B063-4ADA1189DE57}.Debug|Any CPU.ActiveCfg = Debug|Any CPU
		{0268A560-AC8C-4C94-B063-4ADA1189DE57}.Debug|Any CPU.Build.0 = Debug|Any CPU
		{0268A560-AC8C-4C94-B063-4ADA1189DE57}.Debug|iPhone.ActiveCfg = Debug|Any CPU
		{0268A560-AC8C-4C94-B063-4ADA1189DE57}.Debug|iPhone.Build.0 = Debug|Any CPU
		{0268A560-AC8C-4C94-B063-4ADA1189DE57}.Debug|iPhoneSimulator.ActiveCfg = Debug|Any CPU
		{0268A560-AC8C-4C94-B063-4ADA1189DE57}.Debug|iPhoneSimulator.Build.0 = Debug|Any CPU
		{0268A560-AC8C-4C94-B063-4ADA1189DE57}.Release|Any CPU.ActiveCfg = Release|Any CPU
		{0268A560-AC8C-4C94-B063-4ADA1189DE57}.Release|Any CPU.Build.0 = Release|Any CPU
		{0268A560-AC8C-4C94-B063-4ADA1189DE57}.Release|iPhone.ActiveCfg = Release|Any CPU
		{0268A560-AC8C-4C94-B063-4ADA1189DE57}.Release|iPhone.Build.0 = Release|Any CPU
		{0268A560-AC8C-4C94-B063-4ADA1189DE57}.Release|iPhoneSimulator.ActiveCfg = Release|Any CPU
		{0268A560-AC8C-4C94-B063-4ADA1189DE57}.Release|iPhoneSimulator.Build.0 = Release|Any CPU
		{A2759407-A165-4754-8CB8-CFE14587961D}.Ad-Hoc|Any CPU.ActiveCfg = Debug|Any CPU
		{A2759407-A165-4754-8CB8-CFE14587961D}.Ad-Hoc|Any CPU.Build.0 = Debug|Any CPU
		{A2759407-A165-4754-8CB8-CFE14587961D}.Ad-Hoc|iPhone.ActiveCfg = Debug|Any CPU
		{A2759407-A165-4754-8CB8-CFE14587961D}.Ad-Hoc|iPhone.Build.0 = Debug|Any CPU
		{A2759407-A165-4754-8CB8-CFE14587961D}.Ad-Hoc|iPhoneSimulator.ActiveCfg = Debug|Any CPU
		{A2759407-A165-4754-8CB8-CFE14587961D}.Ad-Hoc|iPhoneSimulator.Build.0 = Debug|Any CPU
		{A2759407-A165-4754-8CB8-CFE14587961D}.AppStore|Any CPU.ActiveCfg = Debug|Any CPU
		{A2759407-A165-4754-8CB8-CFE14587961D}.AppStore|Any CPU.Build.0 = Debug|Any CPU
		{A2759407-A165-4754-8CB8-CFE14587961D}.AppStore|iPhone.ActiveCfg = Debug|Any CPU
		{A2759407-A165-4754-8CB8-CFE14587961D}.AppStore|iPhone.Build.0 = Debug|Any CPU
		{A2759407-A165-4754-8CB8-CFE14587961D}.AppStore|iPhoneSimulator.ActiveCfg = Debug|Any CPU
		{A2759407-A165-4754-8CB8-CFE14587961D}.AppStore|iPhoneSimulator.Build.0 = Debug|Any CPU
		{A2759407-A165-4754-8CB8-CFE14587961D}.Debug|Any CPU.ActiveCfg = Debug|Any CPU
		{A2759407-A165-4754-8CB8-CFE14587961D}.Debug|Any CPU.Build.0 = Debug|Any CPU
		{A2759407-A165-4754-8CB8-CFE14587961D}.Debug|iPhone.ActiveCfg = Debug|Any CPU
		{A2759407-A165-4754-8CB8-CFE14587961D}.Debug|iPhone.Build.0 = Debug|Any CPU
		{A2759407-A165-4754-8CB8-CFE14587961D}.Debug|iPhoneSimulator.ActiveCfg = Debug|Any CPU
		{A2759407-A165-4754-8CB8-CFE14587961D}.Debug|iPhoneSimulator.Build.0 = Debug|Any CPU
		{A2759407-A165-4754-8CB8-CFE14587961D}.Release|Any CPU.ActiveCfg = Release|Any CPU
		{A2759407-A165-4754-8CB8-CFE14587961D}.Release|Any CPU.Build.0 = Release|Any CPU
		{A2759407-A165-4754-8CB8-CFE14587961D}.Release|iPhone.ActiveCfg = Release|Any CPU
		{A2759407-A165-4754-8CB8-CFE14587961D}.Release|iPhone.Build.0 = Release|Any CPU
		{A2759407-A165-4754-8CB8-CFE14587961D}.Release|iPhoneSimulator.ActiveCfg = Release|Any CPU
		{A2759407-A165-4754-8CB8-CFE14587961D}.Release|iPhoneSimulator.Build.0 = Release|Any CPU
	EndGlobalSection
	GlobalSection(SolutionProperties) = preSolution
		HideSolutionNode = FALSE
	EndGlobalSection
	GlobalSection(ExtensibilityGlobals) = postSolution
		SolutionGuid = {4F4CDB78-6DB4-47FD-99F1-C305F5FEB95F}
	EndGlobalSection
EndGlobal
