
Microsoft Visual Studio Solution File, Format Version 12.00
# Visual Studio 15
VisualStudioVersion = 15.0.28307.1433
MinimumVisualStudioVersion = 10.0.40219.1
Project("{FAE04EC0-301F-11D3-BF4B-00C04F79EFBC}") = "Appdel2.Android", "Appdel2\Appdel2.Android\Appdel2.Android.csproj", "{CEBDD202-E8AF-41E7-AD74-43C9C0FA2B65}"
EndProject
Project("{FAE04EC0-301F-11D3-BF4B-00C04F79EFBC}") = "Appdel2.iOS", "Appdel2\Appdel2.iOS\Appdel2.iOS.csproj", "{7316F3F2-B6A9-40D8-A5A6-4DF72D2EAAFD}"
EndProject
Project("{FAE04EC0-301F-11D3-BF4B-00C04F79EFBC}") = "Appdel2", "Appdel2\Appdel2\Appdel2.csproj", "{D2E18BB7-FB7E-459E-8A1E-48D3A922C1F6}"
EndProject
Global
	GlobalSection(SolutionConfigurationPlatforms) = preSolution
		Ad-Hoc|Any CPU = Ad-Hoc|Any CPU
		Ad-Hoc|iPhone = Ad-Hoc|iPhone
		Ad-Hoc|iPhoneSimulator = Ad-Hoc|iPhoneSimulator
		AppStore|Any CPU = AppStore|Any CPU
		AppStore|iPhone = AppStore|iPhone
		AppStore|iPhoneSimulator = AppStore|iPhoneSimulator
		Debug|Any CPU = Debug|Any CPU
		Debug|iPhone = Debug|iPhone
		Debug|iPhoneSimulator = Debug|iPhoneSimulator
		Release|Any CPU = Release|Any CPU
		Release|iPhone = Release|iPhone
		Release|iPhoneSimulator = Release|iPhoneSimulator
	EndGlobalSection
	GlobalSection(ProjectConfigurationPlatforms) = postSolution
		{CEBDD202-E8AF-41E7-AD74-43C9C0FA2B65}.Ad-Hoc|Any CPU.ActiveCfg = Release|Any CPU
		{CEBDD202-E8AF-41E7-AD74-43C9C0FA2B65}.Ad-Hoc|Any CPU.Build.0 = Release|Any CPU
		{CEBDD202-E8AF-41E7-AD74-43C9C0FA2B65}.Ad-Hoc|Any CPU.Deploy.0 = Release|Any CPU
		{CEBDD202-E8AF-41E7-AD74-43C9C0FA2B65}.Ad-Hoc|iPhone.ActiveCfg = Release|Any CPU
		{CEBDD202-E8AF-41E7-AD74-43C9C0FA2B65}.Ad-Hoc|iPhone.Build.0 = Release|Any CPU
		{CEBDD202-E8AF-41E7-AD74-43C9C0FA2B65}.Ad-Hoc|iPhone.Deploy.0 = Release|Any CPU
		{CEBDD202-E8AF-41E7-AD74-43C9C0FA2B65}.Ad-Hoc|iPhoneSimulator.ActiveCfg = Release|Any CPU
		{CEBDD202-E8AF-41E7-AD74-43C9C0FA2B65}.Ad-Hoc|iPhoneSimulator.Build.0 = Release|Any CPU
		{CEBDD202-E8AF-41E7-AD74-43C9C0FA2B65}.Ad-Hoc|iPhoneSimulator.Deploy.0 = Release|Any CPU
		{CEBDD202-E8AF-41E7-AD74-43C9C0FA2B65}.AppStore|Any CPU.ActiveCfg = Release|Any CPU
		{CEBDD202-E8AF-41E7-AD74-43C9C0FA2B65}.AppStore|Any CPU.Build.0 = Release|Any CPU
		{CEBDD202-E8AF-41E7-AD74-43C9C0FA2B65}.AppStore|Any CPU.Deploy.0 = Release|Any CPU
		{CEBDD202-E8AF-41E7-AD74-43C9C0FA2B65}.AppStore|iPhone.ActiveCfg = Release|Any CPU
		{CEBDD202-E8AF-41E7-AD74-43C9C0FA2B65}.AppStore|iPhone.Build.0 = Release|Any CPU
		{CEBDD202-E8AF-41E7-AD74-43C9C0FA2B65}.AppStore|iPhone.Deploy.0 = Release|Any CPU
		{CEBDD202-E8AF-41E7-AD74-43C9C0FA2B65}.AppStore|iPhoneSimulator.ActiveCfg = Release|Any CPU
		{CEBDD202-E8AF-41E7-AD74-43C9C0FA2B65}.AppStore|iPhoneSimulator.Build.0 = Release|Any CPU
		{CEBDD202-E8AF-41E7-AD74-43C9C0FA2B65}.AppStore|iPhoneSimulator.Deploy.0 = Release|Any CPU
		{CEBDD202-E8AF-41E7-AD74-43C9C0FA2B65}.Debug|Any CPU.ActiveCfg = Debug|Any CPU
		{CEBDD202-E8AF-41E7-AD74-43C9C0FA2B65}.Debug|Any CPU.Build.0 = Debug|Any CPU
		{CEBDD202-E8AF-41E7-AD74-43C9C0FA2B65}.Debug|Any CPU.Deploy.0 = Debug|Any CPU
		{CEBDD202-E8AF-41E7-AD74-43C9C0FA2B65}.Debug|iPhone.ActiveCfg = Debug|Any CPU
		{CEBDD202-E8AF-41E7-AD74-43C9C0FA2B65}.Debug|iPhone.Build.0 = Debug|Any CPU
		{CEBDD202-E8AF-41E7-AD74-43C9C0FA2B65}.Debug|iPhone.Deploy.0 = Debug|Any CPU
		{CEBDD202-E8AF-41E7-AD74-43C9C0FA2B65}.Debug|iPhoneSimulator.ActiveCfg = Debug|Any CPU
		{CEBDD202-E8AF-41E7-AD74-43C9C0FA2B65}.Debug|iPhoneSimulator.Build.0 = Debug|Any CPU
		{CEBDD202-E8AF-41E7-AD74-43C9C0FA2B65}.Debug|iPhoneSimulator.Deploy.0 = Debug|Any CPU
		{CEBDD202-E8AF-41E7-AD74-43C9C0FA2B65}.Release|Any CPU.ActiveCfg = Release|Any CPU
		{CEBDD202-E8AF-41E7-AD74-43C9C0FA2B65}.Release|Any CPU.Build.0 = Release|Any CPU
		{CEBDD202-E8AF-41E7-AD74-43C9C0FA2B65}.Release|Any CPU.Deploy.0 = Release|Any CPU
		{CEBDD202-E8AF-41E7-AD74-43C9C0FA2B65}.Release|iPhone.ActiveCfg = Release|Any CPU
		{CEBDD202-E8AF-41E7-AD74-43C9C0FA2B65}.Release|iPhone.Build.0 = Release|Any CPU
		{CEBDD202-E8AF-41E7-AD74-43C9C0FA2B65}.Release|iPhone.Deploy.0 = Release|Any CPU
		{CEBDD202-E8AF-41E7-AD74-43C9C0FA2B65}.Release|iPhoneSimulator.ActiveCfg = Release|Any CPU
		{CEBDD202-E8AF-41E7-AD74-43C9C0FA2B65}.Release|iPhoneSimulator.Build.0 = Release|Any CPU
		{CEBDD202-E8AF-41E7-AD74-43C9C0FA2B65}.Release|iPhoneSimulator.Deploy.0 = Release|Any CPU
		{7316F3F2-B6A9-40D8-A5A6-4DF72D2EAAFD}.Ad-Hoc|Any CPU.ActiveCfg = Ad-Hoc|iPhone
		{7316F3F2-B6A9-40D8-A5A6-4DF72D2EAAFD}.Ad-Hoc|Any CPU.Build.0 = Ad-Hoc|iPhone
		{7316F3F2-B6A9-40D8-A5A6-4DF72D2EAAFD}.Ad-Hoc|Any CPU.Deploy.0 = Ad-Hoc|iPhone
		{7316F3F2-B6A9-40D8-A5A6-4DF72D2EAAFD}.Ad-Hoc|iPhone.ActiveCfg = Ad-Hoc|iPhone
		{7316F3F2-B6A9-40D8-A5A6-4DF72D2EAAFD}.Ad-Hoc|iPhone.Build.0 = Ad-Hoc|iPhone
		{7316F3F2-B6A9-40D8-A5A6-4DF72D2EAAFD}.Ad-Hoc|iPhone.Deploy.0 = Ad-Hoc|iPhone
		{7316F3F2-B6A9-40D8-A5A6-4DF72D2EAAFD}.Ad-Hoc|iPhoneSimulator.ActiveCfg = Ad-Hoc|iPhoneSimulator
		{7316F3F2-B6A9-40D8-A5A6-4DF72D2EAAFD}.Ad-Hoc|iPhoneSimulator.Build.0 = Ad-Hoc|iPhoneSimulator
		{7316F3F2-B6A9-40D8-A5A6-4DF72D2EAAFD}.Ad-Hoc|iPhoneSimulator.Deploy.0 = Ad-Hoc|iPhoneSimulator
		{7316F3F2-B6A9-40D8-A5A6-4DF72D2EAAFD}.AppStore|Any CPU.ActiveCfg = AppStore|iPhone
		{7316F3F2-B6A9-40D8-A5A6-4DF72D2EAAFD}.AppStore|Any CPU.Build.0 = AppStore|iPhone
		{7316F3F2-B6A9-40D8-A5A6-4DF72D2EAAFD}.AppStore|Any CPU.Deploy.0 = AppStore|iPhone
		{7316F3F2-B6A9-40D8-A5A6-4DF72D2EAAFD}.AppStore|iPhone.ActiveCfg = AppStore|iPhone
		{7316F3F2-B6A9-40D8-A5A6-4DF72D2EAAFD}.AppStore|iPhone.Build.0 = AppStore|iPhone
		{7316F3F2-B6A9-40D8-A5A6-4DF72D2EAAFD}.AppStore|iPhone.Deploy.0 = AppStore|iPhone
		{7316F3F2-B6A9-40D8-A5A6-4DF72D2EAAFD}.AppStore|iPhoneSimulator.ActiveCfg = AppStore|iPhoneSimulator
		{7316F3F2-B6A9-40D8-A5A6-4DF72D2EAAFD}.AppStore|iPhoneSimulator.Build.0 = AppStore|iPhoneSimulator
		{7316F3F2-B6A9-40D8-A5A6-4DF72D2EAAFD}.AppStore|iPhoneSimulator.Deploy.0 = AppStore|iPhoneSimulator
		{7316F3F2-B6A9-40D8-A5A6-4DF72D2EAAFD}.Debug|Any CPU.ActiveCfg = Debug|iPhoneSimulator
		{7316F3F2-B6A9-40D8-A5A6-4DF72D2EAAFD}.Debug|Any CPU.Build.0 = Debug|iPhoneSimulator
		{7316F3F2-B6A9-40D8-A5A6-4DF72D2EAAFD}.Debug|Any CPU.Deploy.0 = Debug|iPhoneSimulator
		{7316F3F2-B6A9-40D8-A5A6-4DF72D2EAAFD}.Debug|iPhone.ActiveCfg = Debug|iPhone
		{7316F3F2-B6A9-40D8-A5A6-4DF72D2EAAFD}.Debug|iPhone.Build.0 = Debug|iPhone
		{7316F3F2-B6A9-40D8-A5A6-4DF72D2EAAFD}.Debug|iPhone.Deploy.0 = Debug|iPhone
		{7316F3F2-B6A9-40D8-A5A6-4DF72D2EAAFD}.Debug|iPhoneSimulator.ActiveCfg = Debug|iPhoneSimulator
		{7316F3F2-B6A9-40D8-A5A6-4DF72D2EAAFD}.Debug|iPhoneSimulator.Build.0 = Debug|iPhoneSimulator
		{7316F3F2-B6A9-40D8-A5A6-4DF72D2EAAFD}.Debug|iPhoneSimulator.Deploy.0 = Debug|iPhoneSimulator
		{7316F3F2-B6A9-40D8-A5A6-4DF72D2EAAFD}.Release|Any CPU.ActiveCfg = Release|iPhone
		{7316F3F2-B6A9-40D8-A5A6-4DF72D2EAAFD}.Release|Any CPU.Build.0 = Release|iPhone
		{7316F3F2-B6A9-40D8-A5A6-4DF72D2EAAFD}.Release|Any CPU.Deploy.0 = Release|iPhone
		{7316F3F2-B6A9-40D8-A5A6-4DF72D2EAAFD}.Release|iPhone.ActiveCfg = Release|iPhone
		{7316F3F2-B6A9-40D8-A5A6-4DF72D2EAAFD}.Release|iPhone.Build.0 = Release|iPhone
		{7316F3F2-B6A9-40D8-A5A6-4DF72D2EAAFD}.Release|iPhone.Deploy.0 = Release|iPhone
		{7316F3F2-B6A9-40D8-A5A6-4DF72D2EAAFD}.Release|iPhoneSimulator.ActiveCfg = Release|iPhoneSimulator
		{7316F3F2-B6A9-40D8-A5A6-4DF72D2EAAFD}.Release|iPhoneSimulator.Build.0 = Release|iPhoneSimulator
		{7316F3F2-B6A9-40D8-A5A6-4DF72D2EAAFD}.Release|iPhoneSimulator.Deploy.0 = Release|iPhoneSimulator
		{D2E18BB7-FB7E-459E-8A1E-48D3A922C1F6}.Ad-Hoc|Any CPU.ActiveCfg = Debug|Any CPU
		{D2E18BB7-FB7E-459E-8A1E-48D3A922C1F6}.Ad-Hoc|Any CPU.Build.0 = Debug|Any CPU
		{D2E18BB7-FB7E-459E-8A1E-48D3A922C1F6}.Ad-Hoc|Any CPU.Deploy.0 = Debug|Any CPU
		{D2E18BB7-FB7E-459E-8A1E-48D3A922C1F6}.Ad-Hoc|iPhone.ActiveCfg = Debug|Any CPU
		{D2E18BB7-FB7E-459E-8A1E-48D3A922C1F6}.Ad-Hoc|iPhone.Build.0 = Debug|Any CPU
		{D2E18BB7-FB7E-459E-8A1E-48D3A922C1F6}.Ad-Hoc|iPhone.Deploy.0 = Debug|Any CPU
		{D2E18BB7-FB7E-459E-8A1E-48D3A922C1F6}.Ad-Hoc|iPhoneSimulator.ActiveCfg = Debug|Any CPU
		{D2E18BB7-FB7E-459E-8A1E-48D3A922C1F6}.Ad-Hoc|iPhoneSimulator.Build.0 = Debug|Any CPU
		{D2E18BB7-FB7E-459E-8A1E-48D3A922C1F6}.Ad-Hoc|iPhoneSimulator.Deploy.0 = Debug|Any CPU
		{D2E18BB7-FB7E-459E-8A1E-48D3A922C1F6}.AppStore|Any CPU.ActiveCfg = Debug|Any CPU
		{D2E18BB7-FB7E-459E-8A1E-48D3A922C1F6}.AppStore|Any CPU.Build.0 = Debug|Any CPU
		{D2E18BB7-FB7E-459E-8A1E-48D3A922C1F6}.AppStore|Any CPU.Deploy.0 = Debug|Any CPU
		{D2E18BB7-FB7E-459E-8A1E-48D3A922C1F6}.AppStore|iPhone.ActiveCfg = Debug|Any CPU
		{D2E18BB7-FB7E-459E-8A1E-48D3A922C1F6}.AppStore|iPhone.Build.0 = Debug|Any CPU
		{D2E18BB7-FB7E-459E-8A1E-48D3A922C1F6}.AppStore|iPhone.Deploy.0 = Debug|Any CPU
		{D2E18BB7-FB7E-459E-8A1E-48D3A922C1F6}.AppStore|iPhoneSimulator.ActiveCfg = Debug|Any CPU
		{D2E18BB7-FB7E-459E-8A1E-48D3A922C1F6}.AppStore|iPhoneSimulator.Build.0 = Debug|Any CPU
		{D2E18BB7-FB7E-459E-8A1E-48D3A922C1F6}.AppStore|iPhoneSimulator.Deploy.0 = Debug|Any CPU
		{D2E18BB7-FB7E-459E-8A1E-48D3A922C1F6}.Debug|Any CPU.ActiveCfg = Debug|Any CPU
		{D2E18BB7-FB7E-459E-8A1E-48D3A922C1F6}.Debug|Any CPU.Build.0 = Debug|Any CPU
		{D2E18BB7-FB7E-459E-8A1E-48D3A922C1F6}.Debug|Any CPU.Deploy.0 = Debug|Any CPU
		{D2E18BB7-FB7E-459E-8A1E-48D3A922C1F6}.Debug|iPhone.ActiveCfg = Debug|Any CPU
		{D2E18BB7-FB7E-459E-8A1E-48D3A922C1F6}.Debug|iPhone.Build.0 = Debug|Any CPU
		{D2E18BB7-FB7E-459E-8A1E-48D3A922C1F6}.Debug|iPhone.Deploy.0 = Debug|Any CPU
		{D2E18BB7-FB7E-459E-8A1E-48D3A922C1F6}.Debug|iPhoneSimulator.ActiveCfg = Debug|Any CPU
		{D2E18BB7-FB7E-459E-8A1E-48D3A922C1F6}.Debug|iPhoneSimulator.Build.0 = Debug|Any CPU
		{D2E18BB7-FB7E-459E-8A1E-48D3A922C1F6}.Debug|iPhoneSimulator.Deploy.0 = Debug|Any CPU
		{D2E18BB7-FB7E-459E-8A1E-48D3A922C1F6}.Release|Any CPU.ActiveCfg = Release|Any CPU
		{D2E18BB7-FB7E-459E-8A1E-48D3A922C1F6}.Release|Any CPU.Build.0 = Release|Any CPU
		{D2E18BB7-FB7E-459E-8A1E-48D3A922C1F6}.Release|Any CPU.Deploy.0 = Release|Any CPU
		{D2E18BB7-FB7E-459E-8A1E-48D3A922C1F6}.Release|iPhone.ActiveCfg = Release|Any CPU
		{D2E18BB7-FB7E-459E-8A1E-48D3A922C1F6}.Release|iPhone.Build.0 = Release|Any CPU
		{D2E18BB7-FB7E-459E-8A1E-48D3A922C1F6}.Release|iPhone.Deploy.0 = Release|Any CPU
		{D2E18BB7-FB7E-459E-8A1E-48D3A922C1F6}.Release|iPhoneSimulator.ActiveCfg = Release|Any CPU
		{D2E18BB7-FB7E-459E-8A1E-48D3A922C1F6}.Release|iPhoneSimulator.Build.0 = Release|Any CPU
		{D2E18BB7-FB7E-459E-8A1E-48D3A922C1F6}.Release|iPhoneSimulator.Deploy.0 = Release|Any CPU
	EndGlobalSection
	GlobalSection(SolutionProperties) = preSolution
		HideSolutionNode = FALSE
	EndGlobalSection
	GlobalSection(ExtensibilityGlobals) = postSolution
		SolutionGuid = {BD39D239-4D18-457D-88D1-66358D4813BB}
	EndGlobalSection
EndGlobal
