
Microsoft Visual Studio Solution File, Format Version 12.00
# Visual Studio 15
VisualStudioVersion = 15.0.28307.1433
MinimumVisualStudioVersion = 10.0.40219.1
Project("{FAE04EC0-301F-11D3-BF4B-00C04F79EFBC}") = "AppDel1.Android", "AppDel1\AppDel1.Android\AppDel1.Android.csproj", "{3A86FDCD-10D3-4F34-A798-6A76DBE82E83}"
EndProject
Project("{FAE04EC0-301F-11D3-BF4B-00C04F79EFBC}") = "AppDel1.iOS", "AppDel1\AppDel1.iOS\AppDel1.iOS.csproj", "{35F4C355-67C0-4392-B637-A720ACA323D4}"
EndProject
Project("{FAE04EC0-301F-11D3-BF4B-00C04F79EFBC}") = "AppDel1", "AppDel1\AppDel1\AppDel1.csproj", "{4E94C777-A968-4798-ACF5-51A851BC89F3}"
EndProject
Global
	GlobalSection(SolutionConfigurationPlatforms) = preSolution
		Ad-Hoc|Any CPU = Ad-Hoc|Any CPU
		Ad-Hoc|iPhone = Ad-Hoc|iPhone
		Ad-Hoc|iPhoneSimulator = Ad-Hoc|iPhoneSimulator
		AppStore|Any CPU = AppStore|Any CPU
		AppStore|iPhone = AppStore|iPhone
		AppStore|iPhoneSimulator = AppStore|iPhoneSimulator
		Debug|Any CPU = Debug|Any CPU
		Debug|iPhone = Debug|iPhone
		Debug|iPhoneSimulator = Debug|iPhoneSimulator
		Release|Any CPU = Release|Any CPU
		Release|iPhone = Release|iPhone
		Release|iPhoneSimulator = Release|iPhoneSimulator
	EndGlobalSection
	GlobalSection(ProjectConfigurationPlatforms) = postSolution
		{3A86FDCD-10D3-4F34-A798-6A76DBE82E83}.Ad-Hoc|Any CPU.ActiveCfg = Release|Any CPU
		{3A86FDCD-10D3-4F34-A798-6A76DBE82E83}.Ad-Hoc|Any CPU.Build.0 = Release|Any CPU
		{3A86FDCD-10D3-4F34-A798-6A76DBE82E83}.Ad-Hoc|Any CPU.Deploy.0 = Release|Any CPU
		{3A86FDCD-10D3-4F34-A798-6A76DBE82E83}.Ad-Hoc|iPhone.ActiveCfg = Release|Any CPU
		{3A86FDCD-10D3-4F34-A798-6A76DBE82E83}.Ad-Hoc|iPhone.Build.0 = Release|Any CPU
		{3A86FDCD-10D3-4F34-A798-6A76DBE82E83}.Ad-Hoc|iPhone.Deploy.0 = Release|Any CPU
		{3A86FDCD-10D3-4F34-A798-6A76DBE82E83}.Ad-Hoc|iPhoneSimulator.ActiveCfg = Release|Any CPU
		{3A86FDCD-10D3-4F34-A798-6A76DBE82E83}.Ad-Hoc|iPhoneSimulator.Build.0 = Release|Any CPU
		{3A86FDCD-10D3-4F34-A798-6A76DBE82E83}.Ad-Hoc|iPhoneSimulator.Deploy.0 = Release|Any CPU
		{3A86FDCD-10D3-4F34-A798-6A76DBE82E83}.AppStore|Any CPU.ActiveCfg = Release|Any CPU
		{3A86FDCD-10D3-4F34-A798-6A76DBE82E83}.AppStore|Any CPU.Build.0 = Release|Any CPU
		{3A86FDCD-10D3-4F34-A798-6A76DBE82E83}.AppStore|Any CPU.Deploy.0 = Release|Any CPU
		{3A86FDCD-10D3-4F34-A798-6A76DBE82E83}.AppStore|iPhone.ActiveCfg = Release|Any CPU
		{3A86FDCD-10D3-4F34-A798-6A76DBE82E83}.AppStore|iPhone.Build.0 = Release|Any CPU
		{3A86FDCD-10D3-4F34-A798-6A76DBE82E83}.AppStore|iPhone.Deploy.0 = Release|Any CPU
		{3A86FDCD-10D3-4F34-A798-6A76DBE82E83}.AppStore|iPhoneSimulator.ActiveCfg = Release|Any CPU
		{3A86FDCD-10D3-4F34-A798-6A76DBE82E83}.AppStore|iPhoneSimulator.Build.0 = Release|Any CPU
		{3A86FDCD-10D3-4F34-A798-6A76DBE82E83}.AppStore|iPhoneSimulator.Deploy.0 = Release|Any CPU
		{3A86FDCD-10D3-4F34-A798-6A76DBE82E83}.Debug|Any CPU.ActiveCfg = Debug|Any CPU
		{3A86FDCD-10D3-4F34-A798-6A76DBE82E83}.Debug|Any CPU.Build.0 = Debug|Any CPU
		{3A86FDCD-10D3-4F34-A798-6A76DBE82E83}.Debug|Any CPU.Deploy.0 = Debug|Any CPU
		{3A86FDCD-10D3-4F34-A798-6A76DBE82E83}.Debug|iPhone.ActiveCfg = Debug|Any CPU
		{3A86FDCD-10D3-4F34-A798-6A76DBE82E83}.Debug|iPhone.Build.0 = Debug|Any CPU
		{3A86FDCD-10D3-4F34-A798-6A76DBE82E83}.Debug|iPhone.Deploy.0 = Debug|Any CPU
		{3A86FDCD-10D3-4F34-A798-6A76DBE82E83}.Debug|iPhoneSimulator.ActiveCfg = Debug|Any CPU
		{3A86FDCD-10D3-4F34-A798-6A76DBE82E83}.Debug|iPhoneSimulator.Build.0 = Debug|Any CPU
		{3A86FDCD-10D3-4F34-A798-6A76DBE82E83}.Debug|iPhoneSimulator.Deploy.0 = Debug|Any CPU
		{3A86FDCD-10D3-4F34-A798-6A76DBE82E83}.Release|Any CPU.ActiveCfg = Release|Any CPU
		{3A86FDCD-10D3-4F34-A798-6A76DBE82E83}.Release|Any CPU.Build.0 = Release|Any CPU
		{3A86FDCD-10D3-4F34-A798-6A76DBE82E83}.Release|Any CPU.Deploy.0 = Release|Any CPU
		{3A86FDCD-10D3-4F34-A798-6A76DBE82E83}.Release|iPhone.ActiveCfg = Release|Any CPU
		{3A86FDCD-10D3-4F34-A798-6A76DBE82E83}.Release|iPhone.Build.0 = Release|Any CPU
		{3A86FDCD-10D3-4F34-A798-6A76DBE82E83}.Release|iPhone.Deploy.0 = Release|Any CPU
		{3A86FDCD-10D3-4F34-A798-6A76DBE82E83}.Release|iPhoneSimulator.ActiveCfg = Release|Any CPU
		{3A86FDCD-10D3-4F34-A798-6A76DBE82E83}.Release|iPhoneSimulator.Build.0 = Release|Any CPU
		{3A86FDCD-10D3-4F34-A798-6A76DBE82E83}.Release|iPhoneSimulator.Deploy.0 = Release|Any CPU
		{35F4C355-67C0-4392-B637-A720ACA323D4}.Ad-Hoc|Any CPU.ActiveCfg = Ad-Hoc|iPhone
		{35F4C355-67C0-4392-B637-A720ACA323D4}.Ad-Hoc|Any CPU.Build.0 = Ad-Hoc|iPhone
		{35F4C355-67C0-4392-B637-A720ACA323D4}.Ad-Hoc|Any CPU.Deploy.0 = Ad-Hoc|iPhone
		{35F4C355-67C0-4392-B637-A720ACA323D4}.Ad-Hoc|iPhone.ActiveCfg = Ad-Hoc|iPhone
		{35F4C355-67C0-4392-B637-A720ACA323D4}.Ad-Hoc|iPhone.Build.0 = Ad-Hoc|iPhone
		{35F4C355-67C0-4392-B637-A720ACA323D4}.Ad-Hoc|iPhone.Deploy.0 = Ad-Hoc|iPhone
		{35F4C355-67C0-4392-B637-A720ACA323D4}.Ad-Hoc|iPhoneSimulator.ActiveCfg = Ad-Hoc|iPhoneSimulator
		{35F4C355-67C0-4392-B637-A720ACA323D4}.Ad-Hoc|iPhoneSimulator.Build.0 = Ad-Hoc|iPhoneSimulator
		{35F4C355-67C0-4392-B637-A720ACA323D4}.Ad-Hoc|iPhoneSimulator.Deploy.0 = Ad-Hoc|iPhoneSimulator
		{35F4C355-67C0-4392-B637-A720ACA323D4}.AppStore|Any CPU.ActiveCfg = AppStore|iPhone
		{35F4C355-67C0-4392-B637-A720ACA323D4}.AppStore|Any CPU.Build.0 = AppStore|iPhone
		{35F4C355-67C0-4392-B637-A720ACA323D4}.AppStore|Any CPU.Deploy.0 = AppStore|iPhone
		{35F4C355-67C0-4392-B637-A720ACA323D4}.AppStore|iPhone.ActiveCfg = AppStore|iPhone
		{35F4C355-67C0-4392-B637-A720ACA323D4}.AppStore|iPhone.Build.0 = AppStore|iPhone
		{35F4C355-67C0-4392-B637-A720ACA323D4}.AppStore|iPhone.Deploy.0 = AppStore|iPhone
		{35F4C355-67C0-4392-B637-A720ACA323D4}.AppStore|iPhoneSimulator.ActiveCfg = AppStore|iPhoneSimulator
		{35F4C355-67C0-4392-B637-A720ACA323D4}.AppStore|iPhoneSimulator.Build.0 = AppStore|iPhoneSimulator
		{35F4C355-67C0-4392-B637-A720ACA323D4}.AppStore|iPhoneSimulator.Deploy.0 = AppStore|iPhoneSimulator
		{35F4C355-67C0-4392-B637-A720ACA323D4}.Debug|Any CPU.ActiveCfg = Debug|iPhoneSimulator
		{35F4C355-67C0-4392-B637-A720ACA323D4}.Debug|Any CPU.Build.0 = Debug|iPhoneSimulator
		{35F4C355-67C0-4392-B637-A720ACA323D4}.Debug|Any CPU.Deploy.0 = Debug|iPhoneSimulator
		{35F4C355-67C0-4392-B637-A720ACA323D4}.Debug|iPhone.ActiveCfg = Debug|iPhone
		{35F4C355-67C0-4392-B637-A720ACA323D4}.Debug|iPhone.Build.0 = Debug|iPhone
		{35F4C355-67C0-4392-B637-A720ACA323D4}.Debug|iPhone.Deploy.0 = Debug|iPhone
		{35F4C355-67C0-4392-B637-A720ACA323D4}.Debug|iPhoneSimulator.ActiveCfg = Debug|iPhoneSimulator
		{35F4C355-67C0-4392-B637-A720ACA323D4}.Debug|iPhoneSimulator.Build.0 = Debug|iPhoneSimulator
		{35F4C355-67C0-4392-B637-A720ACA323D4}.Debug|iPhoneSimulator.Deploy.0 = Debug|iPhoneSimulator
		{35F4C355-67C0-4392-B637-A720ACA323D4}.Release|Any CPU.ActiveCfg = Release|iPhone
		{35F4C355-67C0-4392-B637-A720ACA323D4}.Release|Any CPU.Build.0 = Release|iPhone
		{35F4C355-67C0-4392-B637-A720ACA323D4}.Release|Any CPU.Deploy.0 = Release|iPhone
		{35F4C355-67C0-4392-B637-A720ACA323D4}.Release|iPhone.ActiveCfg = Release|iPhone
		{35F4C355-67C0-4392-B637-A720ACA323D4}.Release|iPhone.Build.0 = Release|iPhone
		{35F4C355-67C0-4392-B637-A720ACA323D4}.Release|iPhone.Deploy.0 = Release|iPhone
		{35F4C355-67C0-4392-B637-A720ACA323D4}.Release|iPhoneSimulator.ActiveCfg = Release|iPhoneSimulator
		{35F4C355-67C0-4392-B637-A720ACA323D4}.Release|iPhoneSimulator.Build.0 = Release|iPhoneSimulator
		{35F4C355-67C0-4392-B637-A720ACA323D4}.Release|iPhoneSimulator.Deploy.0 = Release|iPhoneSimulator
		{4E94C777-A968-4798-ACF5-51A851BC89F3}.Ad-Hoc|Any CPU.ActiveCfg = Debug|Any CPU
		{4E94C777-A968-4798-ACF5-51A851BC89F3}.Ad-Hoc|Any CPU.Build.0 = Debug|Any CPU
		{4E94C777-A968-4798-ACF5-51A851BC89F3}.Ad-Hoc|Any CPU.Deploy.0 = Debug|Any CPU
		{4E94C777-A968-4798-ACF5-51A851BC89F3}.Ad-Hoc|iPhone.ActiveCfg = Debug|Any CPU
		{4E94C777-A968-4798-ACF5-51A851BC89F3}.Ad-Hoc|iPhone.Build.0 = Debug|Any CPU
		{4E94C777-A968-4798-ACF5-51A851BC89F3}.Ad-Hoc|iPhone.Deploy.0 = Debug|Any CPU
		{4E94C777-A968-4798-ACF5-51A851BC89F3}.Ad-Hoc|iPhoneSimulator.ActiveCfg = Debug|Any CPU
		{4E94C777-A968-4798-ACF5-51A851BC89F3}.Ad-Hoc|iPhoneSimulator.Build.0 = Debug|Any CPU
		{4E94C777-A968-4798-ACF5-51A851BC89F3}.Ad-Hoc|iPhoneSimulator.Deploy.0 = Debug|Any CPU
		{4E94C777-A968-4798-ACF5-51A851BC89F3}.AppStore|Any CPU.ActiveCfg = Debug|Any CPU
		{4E94C777-A968-4798-ACF5-51A851BC89F3}.AppStore|Any CPU.Build.0 = Debug|Any CPU
		{4E94C777-A968-4798-ACF5-51A851BC89F3}.AppStore|Any CPU.Deploy.0 = Debug|Any CPU
		{4E94C777-A968-4798-ACF5-51A851BC89F3}.AppStore|iPhone.ActiveCfg = Debug|Any CPU
		{4E94C777-A968-4798-ACF5-51A851BC89F3}.AppStore|iPhone.Build.0 = Debug|Any CPU
		{4E94C777-A968-4798-ACF5-51A851BC89F3}.AppStore|iPhone.Deploy.0 = Debug|Any CPU
		{4E94C777-A968-4798-ACF5-51A851BC89F3}.AppStore|iPhoneSimulator.ActiveCfg = Debug|Any CPU
		{4E94C777-A968-4798-ACF5-51A851BC89F3}.AppStore|iPhoneSimulator.Build.0 = Debug|Any CPU
		{4E94C777-A968-4798-ACF5-51A851BC89F3}.AppStore|iPhoneSimulator.Deploy.0 = Debug|Any CPU
		{4E94C777-A968-4798-ACF5-51A851BC89F3}.Debug|Any CPU.ActiveCfg = Debug|Any CPU
		{4E94C777-A968-4798-ACF5-51A851BC89F3}.Debug|Any CPU.Build.0 = Debug|Any CPU
		{4E94C777-A968-4798-ACF5-51A851BC89F3}.Debug|Any CPU.Deploy.0 = Debug|Any CPU
		{4E94C777-A968-4798-ACF5-51A851BC89F3}.Debug|iPhone.ActiveCfg = Debug|Any CPU
		{4E94C777-A968-4798-ACF5-51A851BC89F3}.Debug|iPhone.Build.0 = Debug|Any CPU
		{4E94C777-A968-4798-ACF5-51A851BC89F3}.Debug|iPhone.Deploy.0 = Debug|Any CPU
		{4E94C777-A968-4798-ACF5-51A851BC89F3}.Debug|iPhoneSimulator.ActiveCfg = Debug|Any CPU
		{4E94C777-A968-4798-ACF5-51A851BC89F3}.Debug|iPhoneSimulator.Build.0 = Debug|Any CPU
		{4E94C777-A968-4798-ACF5-51A851BC89F3}.Debug|iPhoneSimulator.Deploy.0 = Debug|Any CPU
		{4E94C777-A968-4798-ACF5-51A851BC89F3}.Release|Any CPU.ActiveCfg = Release|Any CPU
		{4E94C777-A968-4798-ACF5-51A851BC89F3}.Release|Any CPU.Build.0 = Release|Any CPU
		{4E94C777-A968-4798-ACF5-51A851BC89F3}.Release|Any CPU.Deploy.0 = Release|Any CPU
		{4E94C777-A968-4798-ACF5-51A851BC89F3}.Release|iPhone.ActiveCfg = Release|Any CPU
		{4E94C777-A968-4798-ACF5-51A851BC89F3}.Release|iPhone.Build.0 = Release|Any CPU
		{4E94C777-A968-4798-ACF5-51A851BC89F3}.Release|iPhone.Deploy.0 = Release|Any CPU
		{4E94C777-A968-4798-ACF5-51A851BC89F3}.Release|iPhoneSimulator.ActiveCfg = Release|Any CPU
		{4E94C777-A968-4798-ACF5-51A851BC89F3}.Release|iPhoneSimulator.Build.0 = Release|Any CPU
		{4E94C777-A968-4798-ACF5-51A851BC89F3}.Release|iPhoneSimulator.Deploy.0 = Release|Any CPU
	EndGlobalSection
	GlobalSection(SolutionProperties) = preSolution
		HideSolutionNode = FALSE
	EndGlobalSection
	GlobalSection(ExtensibilityGlobals) = postSolution
		SolutionGuid = {88546BDD-5F54-4651-AD25-6E4D64AC774A}
	EndGlobalSection
EndGlobal
