
Microsoft Visual Studio Solution File, Format Version 12.00
# Visual Studio 15
VisualStudioVersion = 15.0.28307.1433
MinimumVisualStudioVersion = 10.0.40219.1
Project("{FAE04EC0-301F-11D3-BF4B-00C04F79EFBC}") = "StringLibrary", "..\StringLibrary\StringLibrary.csproj", "{B1E1402A-3DE2-4398-B356-E93B945CB8FB}"
EndProject
Project("{FAE04EC0-301F-11D3-BF4B-00C04F79EFBC}") = "ConsoleApp2", "ConsoleApp2\ConsoleApp2.csproj", "{3A03A079-A232-4D99-9440-8A01EBB9C88E}"
EndProject
Global
	GlobalSection(SolutionConfigurationPlatforms) = preSolution
		Debug|Any CPU = Debug|Any CPU
		Release|Any CPU = Release|Any CPU
	EndGlobalSection
	GlobalSection(ProjectConfigurationPlatforms) = postSolution
		{B1E1402A-3DE2-4398-B356-E93B945CB8FB}.Debug|Any CPU.ActiveCfg = Debug|Any CPU
		{B1E1402A-3DE2-4398-B356-E93B945CB8FB}.Debug|Any CPU.Build.0 = Debug|Any CPU
		{B1E1402A-3DE2-4398-B356-E93B945CB8FB}.Release|Any CPU.ActiveCfg = Release|Any CPU
		{B1E1402A-3DE2-4398-B356-E93B945CB8FB}.Release|Any CPU.Build.0 = Release|Any CPU
		{3A03A079-A232-4D99-9440-8A01EBB9C88E}.Debug|Any CPU.ActiveCfg = Debug|Any CPU
		{3A03A079-A232-4D99-9440-8A01EBB9C88E}.Debug|Any CPU.Build.0 = Debug|Any CPU
		{3A03A079-A232-4D99-9440-8A01EBB9C88E}.Release|Any CPU.ActiveCfg = Release|Any CPU
		{3A03A079-A232-4D99-9440-8A01EBB9C88E}.Release|Any CPU.Build.0 = Release|Any CPU
	EndGlobalSection
	GlobalSection(SolutionProperties) = preSolution
		HideSolutionNode = FALSE
	EndGlobalSection
	GlobalSection(ExtensibilityGlobals) = postSolution
		SolutionGuid = {26AE5009-ACC1-48C9-AE47-4DD8452E8A36}
	EndGlobalSection
EndGlobal
