
Microsoft Visual Studio Solution File, Format Version 12.00
# Visual Studio 15
VisualStudioVersion = 15.0.28307.1433
MinimumVisualStudioVersion = 10.0.40219.1
Project("{FAE04EC0-301F-11D3-BF4B-00C04F79EFBC}") = "SApp.Android", "SApp\SApp.Android\SApp.Android.csproj", "{4DDC0DFC-15AA-4C32-99CC-F6F74F93BC87}"
EndProject
Project("{FAE04EC0-301F-11D3-BF4B-00C04F79EFBC}") = "SApp.iOS", "SApp\SApp.iOS\SApp.iOS.csproj", "{B6FC1082-9F18-4BD9-AB61-61E34D176759}"
EndProject
Project("{9A19103F-16F7-4668-BE54-9A1E7A4F7556}") = "SApp", "SApp\SApp\SApp.csproj", "{3F8FFA9C-F0F4-4282-9D56-7367E91D6DEB}"
EndProject
Project("{9A19103F-16F7-4668-BE54-9A1E7A4F7556}") = "StringLibrary", "..\StringLibrary\StringLibrary.csproj", "{C6A971E9-7165-4778-8299-9D6CE4D7A5EB}"
EndProject
Global
	GlobalSection(SolutionConfigurationPlatforms) = preSolution
		Ad-Hoc|Any CPU = Ad-Hoc|Any CPU
		Ad-Hoc|iPhone = Ad-Hoc|iPhone
		Ad-Hoc|iPhoneSimulator = Ad-Hoc|iPhoneSimulator
		AppStore|Any CPU = AppStore|Any CPU
		AppStore|iPhone = AppStore|iPhone
		AppStore|iPhoneSimulator = AppStore|iPhoneSimulator
		Debug|Any CPU = Debug|Any CPU
		Debug|iPhone = Debug|iPhone
		Debug|iPhoneSimulator = Debug|iPhoneSimulator
		Release|Any CPU = Release|Any CPU
		Release|iPhone = Release|iPhone
		Release|iPhoneSimulator = Release|iPhoneSimulator
	EndGlobalSection
	GlobalSection(ProjectConfigurationPlatforms) = postSolution
		{4DDC0DFC-15AA-4C32-99CC-F6F74F93BC87}.Ad-Hoc|Any CPU.ActiveCfg = Release|Any CPU
		{4DDC0DFC-15AA-4C32-99CC-F6F74F93BC87}.Ad-Hoc|Any CPU.Build.0 = Release|Any CPU
		{4DDC0DFC-15AA-4C32-99CC-F6F74F93BC87}.Ad-Hoc|Any CPU.Deploy.0 = Release|Any CPU
		{4DDC0DFC-15AA-4C32-99CC-F6F74F93BC87}.Ad-Hoc|iPhone.ActiveCfg = Release|Any CPU
		{4DDC0DFC-15AA-4C32-99CC-F6F74F93BC87}.Ad-Hoc|iPhone.Build.0 = Release|Any CPU
		{4DDC0DFC-15AA-4C32-99CC-F6F74F93BC87}.Ad-Hoc|iPhone.Deploy.0 = Release|Any CPU
		{4DDC0DFC-15AA-4C32-99CC-F6F74F93BC87}.Ad-Hoc|iPhoneSimulator.ActiveCfg = Release|Any CPU
		{4DDC0DFC-15AA-4C32-99CC-F6F74F93BC87}.Ad-Hoc|iPhoneSimulator.Build.0 = Release|Any CPU
		{4DDC0DFC-15AA-4C32-99CC-F6F74F93BC87}.Ad-Hoc|iPhoneSimulator.Deploy.0 = Release|Any CPU
		{4DDC0DFC-15AA-4C32-99CC-F6F74F93BC87}.AppStore|Any CPU.ActiveCfg = Release|Any CPU
		{4DDC0DFC-15AA-4C32-99CC-F6F74F93BC87}.AppStore|Any CPU.Build.0 = Release|Any CPU
		{4DDC0DFC-15AA-4C32-99CC-F6F74F93BC87}.AppStore|Any CPU.Deploy.0 = Release|Any CPU
		{4DDC0DFC-15AA-4C32-99CC-F6F74F93BC87}.AppStore|iPhone.ActiveCfg = Release|Any CPU
		{4DDC0DFC-15AA-4C32-99CC-F6F74F93BC87}.AppStore|iPhone.Build.0 = Release|Any CPU
		{4DDC0DFC-15AA-4C32-99CC-F6F74F93BC87}.AppStore|iPhone.Deploy.0 = Release|Any CPU
		{4DDC0DFC-15AA-4C32-99CC-F6F74F93BC87}.AppStore|iPhoneSimulator.ActiveCfg = Release|Any CPU
		{4DDC0DFC-15AA-4C32-99CC-F6F74F93BC87}.AppStore|iPhoneSimulator.Build.0 = Release|Any CPU
		{4DDC0DFC-15AA-4C32-99CC-F6F74F93BC87}.AppStore|iPhoneSimulator.Deploy.0 = Release|Any CPU
		{4DDC0DFC-15AA-4C32-99CC-F6F74F93BC87}.Debug|Any CPU.ActiveCfg = Debug|Any CPU
		{4DDC0DFC-15AA-4C32-99CC-F6F74F93BC87}.Debug|Any CPU.Build.0 = Debug|Any CPU
		{4DDC0DFC-15AA-4C32-99CC-F6F74F93BC87}.Debug|Any CPU.Deploy.0 = Debug|Any CPU
		{4DDC0DFC-15AA-4C32-99CC-F6F74F93BC87}.Debug|iPhone.ActiveCfg = Debug|Any CPU
		{4DDC0DFC-15AA-4C32-99CC-F6F74F93BC87}.Debug|iPhone.Build.0 = Debug|Any CPU
		{4DDC0DFC-15AA-4C32-99CC-F6F74F93BC87}.Debug|iPhone.Deploy.0 = Debug|Any CPU
		{4DDC0DFC-15AA-4C32-99CC-F6F74F93BC87}.Debug|iPhoneSimulator.ActiveCfg = Debug|Any CPU
		{4DDC0DFC-15AA-4C32-99CC-F6F74F93BC87}.Debug|iPhoneSimulator.Build.0 = Debug|Any CPU
		{4DDC0DFC-15AA-4C32-99CC-F6F74F93BC87}.Debug|iPhoneSimulator.Deploy.0 = Debug|Any CPU
		{4DDC0DFC-15AA-4C32-99CC-F6F74F93BC87}.Release|Any CPU.ActiveCfg = Release|Any CPU
		{4DDC0DFC-15AA-4C32-99CC-F6F74F93BC87}.Release|Any CPU.Build.0 = Release|Any CPU
		{4DDC0DFC-15AA-4C32-99CC-F6F74F93BC87}.Release|Any CPU.Deploy.0 = Release|Any CPU
		{4DDC0DFC-15AA-4C32-99CC-F6F74F93BC87}.Release|iPhone.ActiveCfg = Release|Any CPU
		{4DDC0DFC-15AA-4C32-99CC-F6F74F93BC87}.Release|iPhone.Build.0 = Release|Any CPU
		{4DDC0DFC-15AA-4C32-99CC-F6F74F93BC87}.Release|iPhone.Deploy.0 = Release|Any CPU
		{4DDC0DFC-15AA-4C32-99CC-F6F74F93BC87}.Release|iPhoneSimulator.ActiveCfg = Release|Any CPU
		{4DDC0DFC-15AA-4C32-99CC-F6F74F93BC87}.Release|iPhoneSimulator.Build.0 = Release|Any CPU
		{4DDC0DFC-15AA-4C32-99CC-F6F74F93BC87}.Release|iPhoneSimulator.Deploy.0 = Release|Any CPU
		{B6FC1082-9F18-4BD9-AB61-61E34D176759}.Ad-Hoc|Any CPU.ActiveCfg = Ad-Hoc|iPhone
		{B6FC1082-9F18-4BD9-AB61-61E34D176759}.Ad-Hoc|Any CPU.Build.0 = Ad-Hoc|iPhone
		{B6FC1082-9F18-4BD9-AB61-61E34D176759}.Ad-Hoc|Any CPU.Deploy.0 = Ad-Hoc|iPhone
		{B6FC1082-9F18-4BD9-AB61-61E34D176759}.Ad-Hoc|iPhone.ActiveCfg = Ad-Hoc|iPhone
		{B6FC1082-9F18-4BD9-AB61-61E34D176759}.Ad-Hoc|iPhone.Build.0 = Ad-Hoc|iPhone
		{B6FC1082-9F18-4BD9-AB61-61E34D176759}.Ad-Hoc|iPhone.Deploy.0 = Ad-Hoc|iPhone
		{B6FC1082-9F18-4BD9-AB61-61E34D176759}.Ad-Hoc|iPhoneSimulator.ActiveCfg = Ad-Hoc|iPhoneSimulator
		{B6FC1082-9F18-4BD9-AB61-61E34D176759}.Ad-Hoc|iPhoneSimulator.Build.0 = Ad-Hoc|iPhoneSimulator
		{B6FC1082-9F18-4BD9-AB61-61E34D176759}.Ad-Hoc|iPhoneSimulator.Deploy.0 = Ad-Hoc|iPhoneSimulator
		{B6FC1082-9F18-4BD9-AB61-61E34D176759}.AppStore|Any CPU.ActiveCfg = AppStore|iPhone
		{B6FC1082-9F18-4BD9-AB61-61E34D176759}.AppStore|Any CPU.Build.0 = AppStore|iPhone
		{B6FC1082-9F18-4BD9-AB61-61E34D176759}.AppStore|Any CPU.Deploy.0 = AppStore|iPhone
		{B6FC1082-9F18-4BD9-AB61-61E34D176759}.AppStore|iPhone.ActiveCfg = AppStore|iPhone
		{B6FC1082-9F18-4BD9-AB61-61E34D176759}.AppStore|iPhone.Build.0 = AppStore|iPhone
		{B6FC1082-9F18-4BD9-AB61-61E34D176759}.AppStore|iPhone.Deploy.0 = AppStore|iPhone
		{B6FC1082-9F18-4BD9-AB61-61E34D176759}.AppStore|iPhoneSimulator.ActiveCfg = AppStore|iPhoneSimulator
		{B6FC1082-9F18-4BD9-AB61-61E34D176759}.AppStore|iPhoneSimulator.Build.0 = AppStore|iPhoneSimulator
		{B6FC1082-9F18-4BD9-AB61-61E34D176759}.AppStore|iPhoneSimulator.Deploy.0 = AppStore|iPhoneSimulator
		{B6FC1082-9F18-4BD9-AB61-61E34D176759}.Debug|Any CPU.ActiveCfg = Debug|iPhoneSimulator
		{B6FC1082-9F18-4BD9-AB61-61E34D176759}.Debug|Any CPU.Build.0 = Debug|iPhoneSimulator
		{B6FC1082-9F18-4BD9-AB61-61E34D176759}.Debug|Any CPU.Deploy.0 = Debug|iPhoneSimulator
		{B6FC1082-9F18-4BD9-AB61-61E34D176759}.Debug|iPhone.ActiveCfg = Debug|iPhone
		{B6FC1082-9F18-4BD9-AB61-61E34D176759}.Debug|iPhone.Build.0 = Debug|iPhone
		{B6FC1082-9F18-4BD9-AB61-61E34D176759}.Debug|iPhone.Deploy.0 = Debug|iPhone
		{B6FC1082-9F18-4BD9-AB61-61E34D176759}.Debug|iPhoneSimulator.ActiveCfg = Debug|iPhoneSimulator
		{B6FC1082-9F18-4BD9-AB61-61E34D176759}.Debug|iPhoneSimulator.Build.0 = Debug|iPhoneSimulator
		{B6FC1082-9F18-4BD9-AB61-61E34D176759}.Debug|iPhoneSimulator.Deploy.0 = Debug|iPhoneSimulator
		{B6FC1082-9F18-4BD9-AB61-61E34D176759}.Release|Any CPU.ActiveCfg = Release|iPhone
		{B6FC1082-9F18-4BD9-AB61-61E34D176759}.Release|Any CPU.Build.0 = Release|iPhone
		{B6FC1082-9F18-4BD9-AB61-61E34D176759}.Release|Any CPU.Deploy.0 = Release|iPhone
		{B6FC1082-9F18-4BD9-AB61-61E34D176759}.Release|iPhone.ActiveCfg = Release|iPhone
		{B6FC1082-9F18-4BD9-AB61-61E34D176759}.Release|iPhone.Build.0 = Release|iPhone
		{B6FC1082-9F18-4BD9-AB61-61E34D176759}.Release|iPhone.Deploy.0 = Release|iPhone
		{B6FC1082-9F18-4BD9-AB61-61E34D176759}.Release|iPhoneSimulator.ActiveCfg = Release|iPhoneSimulator
		{B6FC1082-9F18-4BD9-AB61-61E34D176759}.Release|iPhoneSimulator.Build.0 = Release|iPhoneSimulator
		{B6FC1082-9F18-4BD9-AB61-61E34D176759}.Release|iPhoneSimulator.Deploy.0 = Release|iPhoneSimulator
		{3F8FFA9C-F0F4-4282-9D56-7367E91D6DEB}.Ad-Hoc|Any CPU.ActiveCfg = Debug|Any CPU
		{3F8FFA9C-F0F4-4282-9D56-7367E91D6DEB}.Ad-Hoc|Any CPU.Build.0 = Debug|Any CPU
		{3F8FFA9C-F0F4-4282-9D56-7367E91D6DEB}.Ad-Hoc|Any CPU.Deploy.0 = Debug|Any CPU
		{3F8FFA9C-F0F4-4282-9D56-7367E91D6DEB}.Ad-Hoc|iPhone.ActiveCfg = Debug|Any CPU
		{3F8FFA9C-F0F4-4282-9D56-7367E91D6DEB}.Ad-Hoc|iPhone.Build.0 = Debug|Any CPU
		{3F8FFA9C-F0F4-4282-9D56-7367E91D6DEB}.Ad-Hoc|iPhone.Deploy.0 = Debug|Any CPU
		{3F8FFA9C-F0F4-4282-9D56-7367E91D6DEB}.Ad-Hoc|iPhoneSimulator.ActiveCfg = Debug|Any CPU
		{3F8FFA9C-F0F4-4282-9D56-7367E91D6DEB}.Ad-Hoc|iPhoneSimulator.Build.0 = Debug|Any CPU
		{3F8FFA9C-F0F4-4282-9D56-7367E91D6DEB}.Ad-Hoc|iPhoneSimulator.Deploy.0 = Debug|Any CPU
		{3F8FFA9C-F0F4-4282-9D56-7367E91D6DEB}.AppStore|Any CPU.ActiveCfg = Debug|Any CPU
		{3F8FFA9C-F0F4-4282-9D56-7367E91D6DEB}.AppStore|Any CPU.Build.0 = Debug|Any CPU
		{3F8FFA9C-F0F4-4282-9D56-7367E91D6DEB}.AppStore|Any CPU.Deploy.0 = Debug|Any CPU
		{3F8FFA9C-F0F4-4282-9D56-7367E91D6DEB}.AppStore|iPhone.ActiveCfg = Debug|Any CPU
		{3F8FFA9C-F0F4-4282-9D56-7367E91D6DEB}.AppStore|iPhone.Build.0 = Debug|Any CPU
		{3F8FFA9C-F0F4-4282-9D56-7367E91D6DEB}.AppStore|iPhone.Deploy.0 = Debug|Any CPU
		{3F8FFA9C-F0F4-4282-9D56-7367E91D6DEB}.AppStore|iPhoneSimulator.ActiveCfg = Debug|Any CPU
		{3F8FFA9C-F0F4-4282-9D56-7367E91D6DEB}.AppStore|iPhoneSimulator.Build.0 = Debug|Any CPU
		{3F8FFA9C-F0F4-4282-9D56-7367E91D6DEB}.AppStore|iPhoneSimulator.Deploy.0 = Debug|Any CPU
		{3F8FFA9C-F0F4-4282-9D56-7367E91D6DEB}.Debug|Any CPU.ActiveCfg = Debug|Any CPU
		{3F8FFA9C-F0F4-4282-9D56-7367E91D6DEB}.Debug|Any CPU.Build.0 = Debug|Any CPU
		{3F8FFA9C-F0F4-4282-9D56-7367E91D6DEB}.Debug|Any CPU.Deploy.0 = Debug|Any CPU
		{3F8FFA9C-F0F4-4282-9D56-7367E91D6DEB}.Debug|iPhone.ActiveCfg = Debug|Any CPU
		{3F8FFA9C-F0F4-4282-9D56-7367E91D6DEB}.Debug|iPhone.Build.0 = Debug|Any CPU
		{3F8FFA9C-F0F4-4282-9D56-7367E91D6DEB}.Debug|iPhone.Deploy.0 = Debug|Any CPU
		{3F8FFA9C-F0F4-4282-9D56-7367E91D6DEB}.Debug|iPhoneSimulator.ActiveCfg = Debug|Any CPU
		{3F8FFA9C-F0F4-4282-9D56-7367E91D6DEB}.Debug|iPhoneSimulator.Build.0 = Debug|Any CPU
		{3F8FFA9C-F0F4-4282-9D56-7367E91D6DEB}.Debug|iPhoneSimulator.Deploy.0 = Debug|Any CPU
		{3F8FFA9C-F0F4-4282-9D56-7367E91D6DEB}.Release|Any CPU.ActiveCfg = Release|Any CPU
		{3F8FFA9C-F0F4-4282-9D56-7367E91D6DEB}.Release|Any CPU.Build.0 = Release|Any CPU
		{3F8FFA9C-F0F4-4282-9D56-7367E91D6DEB}.Release|Any CPU.Deploy.0 = Release|Any CPU
		{3F8FFA9C-F0F4-4282-9D56-7367E91D6DEB}.Release|iPhone.ActiveCfg = Release|Any CPU
		{3F8FFA9C-F0F4-4282-9D56-7367E91D6DEB}.Release|iPhone.Build.0 = Release|Any CPU
		{3F8FFA9C-F0F4-4282-9D56-7367E91D6DEB}.Release|iPhone.Deploy.0 = Release|Any CPU
		{3F8FFA9C-F0F4-4282-9D56-7367E91D6DEB}.Release|iPhoneSimulator.ActiveCfg = Release|Any CPU
		{3F8FFA9C-F0F4-4282-9D56-7367E91D6DEB}.Release|iPhoneSimulator.Build.0 = Release|Any CPU
		{3F8FFA9C-F0F4-4282-9D56-7367E91D6DEB}.Release|iPhoneSimulator.Deploy.0 = Release|Any CPU
		{C6A971E9-7165-4778-8299-9D6CE4D7A5EB}.Ad-Hoc|Any CPU.ActiveCfg = Debug|Any CPU
		{C6A971E9-7165-4778-8299-9D6CE4D7A5EB}.Ad-Hoc|Any CPU.Build.0 = Debug|Any CPU
		{C6A971E9-7165-4778-8299-9D6CE4D7A5EB}.Ad-Hoc|iPhone.ActiveCfg = Debug|Any CPU
		{C6A971E9-7165-4778-8299-9D6CE4D7A5EB}.Ad-Hoc|iPhone.Build.0 = Debug|Any CPU
		{C6A971E9-7165-4778-8299-9D6CE4D7A5EB}.Ad-Hoc|iPhoneSimulator.ActiveCfg = Debug|Any CPU
		{C6A971E9-7165-4778-8299-9D6CE4D7A5EB}.Ad-Hoc|iPhoneSimulator.Build.0 = Debug|Any CPU
		{C6A971E9-7165-4778-8299-9D6CE4D7A5EB}.AppStore|Any CPU.ActiveCfg = Debug|Any CPU
		{C6A971E9-7165-4778-8299-9D6CE4D7A5EB}.AppStore|Any CPU.Build.0 = Debug|Any CPU
		{C6A971E9-7165-4778-8299-9D6CE4D7A5EB}.AppStore|iPhone.ActiveCfg = Debug|Any CPU
		{C6A971E9-7165-4778-8299-9D6CE4D7A5EB}.AppStore|iPhone.Build.0 = Debug|Any CPU
		{C6A971E9-7165-4778-8299-9D6CE4D7A5EB}.AppStore|iPhoneSimulator.ActiveCfg = Debug|Any CPU
		{C6A971E9-7165-4778-8299-9D6CE4D7A5EB}.AppStore|iPhoneSimulator.Build.0 = Debug|Any CPU
		{C6A971E9-7165-4778-8299-9D6CE4D7A5EB}.Debug|Any CPU.ActiveCfg = Debug|Any CPU
		{C6A971E9-7165-4778-8299-9D6CE4D7A5EB}.Debug|Any CPU.Build.0 = Debug|Any CPU
		{C6A971E9-7165-4778-8299-9D6CE4D7A5EB}.Debug|iPhone.ActiveCfg = Debug|Any CPU
		{C6A971E9-7165-4778-8299-9D6CE4D7A5EB}.Debug|iPhone.Build.0 = Debug|Any CPU
		{C6A971E9-7165-4778-8299-9D6CE4D7A5EB}.Debug|iPhoneSimulator.ActiveCfg = Debug|Any CPU
		{C6A971E9-7165-4778-8299-9D6CE4D7A5EB}.Debug|iPhoneSimulator.Build.0 = Debug|Any CPU
		{C6A971E9-7165-4778-8299-9D6CE4D7A5EB}.Release|Any CPU.ActiveCfg = Release|Any CPU
		{C6A971E9-7165-4778-8299-9D6CE4D7A5EB}.Release|Any CPU.Build.0 = Release|Any CPU
		{C6A971E9-7165-4778-8299-9D6CE4D7A5EB}.Release|iPhone.ActiveCfg = Release|Any CPU
		{C6A971E9-7165-4778-8299-9D6CE4D7A5EB}.Release|iPhone.Build.0 = Release|Any CPU
		{C6A971E9-7165-4778-8299-9D6CE4D7A5EB}.Release|iPhoneSimulator.ActiveCfg = Release|Any CPU
		{C6A971E9-7165-4778-8299-9D6CE4D7A5EB}.Release|iPhoneSimulator.Build.0 = Release|Any CPU
	EndGlobalSection
	GlobalSection(SolutionProperties) = preSolution
		HideSolutionNode = FALSE
	EndGlobalSection
	GlobalSection(ExtensibilityGlobals) = postSolution
		SolutionGuid = {528157D5-C7C1-458A-8B48-BF5C03327107}
	EndGlobalSection
EndGlobal
